# THIS IS AN AUTOGENERATED FILE. DO NOT EDIT THIS FILE DIRECTLY.
# yarn lockfile v1


"@antfu/install-pkg@^1.0.0":
  version "1.1.0"
  resolved "https://registry.npmjs.org/@antfu/install-pkg/-/install-pkg-1.1.0.tgz"
  integrity sha512-MGQsmw10ZyI+EJo45CdSER4zEb+p31LpDAFp2Z3gkSd1yqVZGi0Ebx++YTEMonJy4oChEMLsxZ64j8FH6sSqtQ==
  dependencies:
    package-manager-detector "^1.3.0"
    tinyexec "^1.0.1"

"@antfu/utils@^8.1.0":
  version "8.1.1"
  resolved "https://registry.npmjs.org/@antfu/utils/-/utils-8.1.1.tgz"
  integrity sha512-Mex9nXf9vR6AhcXmMrlz/HVgYYZpVGJ6YlPgwl7UnaFpnshXs6EK/oa5Gpf3CzENMjkvEx2tQtntGnb7UtSTOQ==

"@esbuild/linux-x64@0.25.10":
  version "0.25.10"
  resolved "https://registry.npmjs.org/@esbuild/linux-x64/-/linux-x64-0.25.10.tgz"
  integrity sha512-QSX81KhFoZGwenVyPoberggdW1nrQZSvfVDAIUXr3WqLRZGZqWk/P4T8p2SP+de2Sr5HPcvjhcJzEiulKgnxtA==

"@floating-ui/core@^1.7.3":
  version "1.7.3"
  resolved "https://registry.npmjs.org/@floating-ui/core/-/core-1.7.3.tgz"
  integrity sha512-sGnvb5dmrJaKEZ+LDIpguvdX3bDlEllmv4/ClQ9awcmCZrlx5jQyyMWFM5kBI+EyNOCDDiKk8il0zeuX3Zlg/w==
  dependencies:
    "@floating-ui/utils" "^0.2.10"

"@floating-ui/dom@^1.6.13":
  version "1.7.4"
  resolved "https://registry.npmjs.org/@floating-ui/dom/-/dom-1.7.4.tgz"
  integrity sha512-OOchDgh4F2CchOX94cRVqhvy7b3AFb+/rQXyswmzmGakRfkMgoWVjfnLWkRirfLEfuD4ysVW16eXzwt3jHIzKA==
  dependencies:
    "@floating-ui/core" "^1.7.3"
    "@floating-ui/utils" "^0.2.10"

"@floating-ui/utils@^0.2.10":
  version "0.2.10"
  resolved "https://registry.npmjs.org/@floating-ui/utils/-/utils-0.2.10.tgz"
  integrity sha512-aGTxbpbg8/b5JfU1HXSrbH3wXZuLPJcNEcZQFMxLs3oSzgtVu6nFPkbbGGUvBcUjKV2YyB9Wxxabo+HEH9tcRQ==

"@fullcalendar/core@^6.1.17", "@fullcalendar/core@~6.1.19":
  version "6.1.19"
  resolved "https://registry.npmjs.org/@fullcalendar/core/-/core-6.1.19.tgz"
  integrity sha512-z0aVlO5e4Wah6p6mouM0UEqtRf1MZZPt4mwzEyU6kusaNL+dlWQgAasF2cK23hwT4cmxkEmr4inULXgpyeExdQ==
  dependencies:
    preact "~10.12.1"

"@fullcalendar/daygrid@^6.1.17", "@fullcalendar/daygrid@~6.1.19":
  version "6.1.19"
  resolved "https://registry.npmjs.org/@fullcalendar/daygrid/-/daygrid-6.1.19.tgz"
  integrity sha512-IAAfnMICnVWPjpT4zi87i3FEw0xxSza0avqY/HedKEz+l5MTBYvCDPOWDATpzXoLut3aACsjktIyw9thvIcRYQ==

"@fullcalendar/interaction@~6.1.19":
  version "6.1.19"
  resolved "https://registry.npmjs.org/@fullcalendar/interaction/-/interaction-6.1.19.tgz"
  integrity sha512-GOciy79xe8JMVp+1evAU3ytdwN/7tv35t5i1vFkifiuWcQMLC/JnLg/RA2s4sYmQwoYhTw/p4GLcP0gO5B3X5w==

"@fullcalendar/list@^6.1.17", "@fullcalendar/list@~6.1.19":
  version "6.1.19"
  resolved "https://registry.npmjs.org/@fullcalendar/list/-/list-6.1.19.tgz"
  integrity sha512-knZHpAVF0LbzZpSJSUmLUUzF0XlU/MRGK+Py2s0/mP93bCtno1k2L3XPs/kzh528hSjehwLm89RgKTSfW1P6cA==

"@fullcalendar/multimonth@~6.1.19":
  version "6.1.19"
  resolved "https://registry.npmjs.org/@fullcalendar/multimonth/-/multimonth-6.1.19.tgz"
  integrity sha512-YYP8o/tjNLFRKhelwiq5ja3Jm3WDf3bfOUHf32JvAWwfotCvZjD7tYv66Nj02mQ8OWWJINa2EQGJxFHgIs14aA==
  dependencies:
    "@fullcalendar/daygrid" "~6.1.19"

"@fullcalendar/timegrid@^6.1.17", "@fullcalendar/timegrid@~6.1.19":
  version "6.1.19"
  resolved "https://registry.npmjs.org/@fullcalendar/timegrid/-/timegrid-6.1.19.tgz"
  integrity sha512-OuzpUueyO9wB5OZ8rs7TWIoqvu4v3yEqdDxZ2VcsMldCpYJRiOe7yHWKr4ap5Tb0fs7Rjbserc/b6Nt7ol6BRg==
  dependencies:
    "@fullcalendar/daygrid" "~6.1.19"

"@hotwired/stimulus@^3.2.2":
  version "3.2.2"
  resolved "https://registry.npmjs.org/@hotwired/stimulus/-/stimulus-3.2.2.tgz"
  integrity sha512-eGeIqNOQpXoPAIP7tC1+1Yc1yl1xnwYqg+3mzqxyrbE5pg5YFBZcA6YoTiByJB6DKAEsiWtl6tjTJS4IYtbB7A==

"@iconify/json@^2.2.384":
  version "2.2.389"
  resolved "https://registry.npmjs.org/@iconify/json/-/json-2.2.389.tgz"
  integrity sha512-xBe13oWDZ5OuyvIhFxqoAKvu90ctI62hJ2sG57NrsfefNo3ubOPvJ/PmX0yxQaMf49AgsdqWzcDvSKBTVN4f1g==
  dependencies:
    "@iconify/types" "*"
    pathe "^1.1.2"

"@iconify/tailwind4@^1.0.6":
  version "1.0.6"
  resolved "https://registry.npmjs.org/@iconify/tailwind4/-/tailwind4-1.0.6.tgz"
  integrity sha512-43ZXe+bC7CuE2LCgROdqbQeFYJi/J7L/k1UpSy8KDQlWVsWxPzLSWbWhlJx4uRYLOh1NRyw02YlDOgzBOFNd+A==
  dependencies:
    "@iconify/types" "^2.0.0"
    "@iconify/utils" "^2.2.1"

"@iconify/types@*", "@iconify/types@^2.0.0":
  version "2.0.0"
  resolved "https://registry.npmjs.org/@iconify/types/-/types-2.0.0.tgz"
  integrity sha512-+wluvCrRhXrhyOmRDJ3q8mux9JkKy5SJ/v8ol2tu4FVjyYvtEzkc/3pK15ET6RKg4b4w4BmTk1+gsCUhf21Ykg==

"@iconify/utils@^2.2.1":
  version "2.3.0"
  resolved "https://registry.npmjs.org/@iconify/utils/-/utils-2.3.0.tgz"
  integrity sha512-GmQ78prtwYW6EtzXRU1rY+KwOKfz32PD7iJh6Iyqw68GiKuoZ2A6pRtzWONz5VQJbp50mEjXh/7NkumtrAgRKA==
  dependencies:
    "@antfu/install-pkg" "^1.0.0"
    "@antfu/utils" "^8.1.0"
    "@iconify/types" "^2.0.0"
    debug "^4.4.0"
    globals "^15.14.0"
    kolorist "^1.8.0"
    local-pkg "^1.0.0"
    mlly "^1.7.4"

"@isaacs/balanced-match@^4.0.1":
  version "4.0.1"
  resolved "https://registry.npmjs.org/@isaacs/balanced-match/-/balanced-match-4.0.1.tgz"
  integrity sha512-yzMTt9lEb8Gv7zRioUilSglI0c0smZ9k5D65677DLWLtWJaXIS3CqcGyUFByYKlnUj6TkjLVs54fBl6+TiGQDQ==

"@isaacs/brace-expansion@^5.0.0":
  version "5.0.0"
  resolved "https://registry.npmjs.org/@isaacs/brace-expansion/-/brace-expansion-5.0.0.tgz"
  integrity sha512-ZT55BDLV0yv0RBm2czMiZ+SqCGO7AvmOM3G/w2xhVPH+te0aKgFjmBvGlL1dH+ql2tgGO3MVrbb3jCKyvpgnxA==
  dependencies:
    "@isaacs/balanced-match" "^4.0.1"

"@isaacs/cliui@^8.0.2":
  version "8.0.2"
  resolved "https://registry.npmjs.org/@isaacs/cliui/-/cliui-8.0.2.tgz"
  integrity sha512-O8jcjabXaleOG9DQ0+ARXWZBTfnP4WNAqzuiJK7ll44AmxGKv/J2M4TPjxjY3znBCfvBXFzucm1twdyFybFqEA==
  dependencies:
    string-width "^5.1.2"
    string-width-cjs "npm:string-width@^4.2.0"
    strip-ansi "^7.0.1"
    strip-ansi-cjs "npm:strip-ansi@^6.0.1"
    wrap-ansi "^8.1.0"
    wrap-ansi-cjs "npm:wrap-ansi@^7.0.0"

"@isaacs/fs-minipass@^4.0.0":
  version "4.0.1"
  resolved "https://registry.npmjs.org/@isaacs/fs-minipass/-/fs-minipass-4.0.1.tgz"
  integrity sha512-wgm9Ehl2jpeqP3zw/7mo3kRHFp5MEDhqAdwy1fTGkHAwnkGOVsgpvQhL8B5n1qlb01jV3n/bI0ZfZp5lWA1k4w==
  dependencies:
    minipass "^7.0.4"

"@jridgewell/gen-mapping@^0.3.5":
  version "0.3.13"
  resolved "https://registry.npmjs.org/@jridgewell/gen-mapping/-/gen-mapping-0.3.13.tgz"
  integrity sha512-2kkt/7niJ6MgEPxF0bYdQ6etZaA+fQvDcLKckhy1yIQOzaoKjBBjSj63/aLVjYE3qhRt5dvM+uUyfCg6UKCBbA==
  dependencies:
    "@jridgewell/sourcemap-codec" "^1.5.0"
    "@jridgewell/trace-mapping" "^0.3.24"

"@jridgewell/remapping@^2.3.4":
  version "2.3.5"
  resolved "https://registry.npmjs.org/@jridgewell/remapping/-/remapping-2.3.5.tgz"
  integrity sha512-LI9u/+laYG4Ds1TDKSJW2YPrIlcVYOwi2fUC6xB43lueCjgxV4lffOCZCtYFiH6TNOX+tQKXx97T4IKHbhyHEQ==
  dependencies:
    "@jridgewell/gen-mapping" "^0.3.5"
    "@jridgewell/trace-mapping" "^0.3.24"

"@jridgewell/resolve-uri@^3.1.0":
  version "3.1.2"
  resolved "https://registry.npmjs.org/@jridgewell/resolve-uri/-/resolve-uri-3.1.2.tgz"
  integrity sha512-bRISgCIjP20/tbWSPWMEi54QVPRZExkuD9lJL+UIxUKtwVJA8wW1Trb1jMs1RFXo1CBTNZ/5hpC9QvmKWdopKw==

"@jridgewell/sourcemap-codec@^1.4.14", "@jridgewell/sourcemap-codec@^1.5.0", "@jridgewell/sourcemap-codec@^1.5.5":
  version "1.5.5"
  resolved "https://registry.npmjs.org/@jridgewell/sourcemap-codec/-/sourcemap-codec-1.5.5.tgz"
  integrity sha512-cYQ9310grqxueWbl+WuIUIaiUaDcj7WOq5fVhEljNVgRfOUhY9fy2zTvfoqWsnebh8Sl70VScFbICvJnLKB0Og==

"@jridgewell/trace-mapping@^0.3.24":
  version "0.3.31"
  resolved "https://registry.npmjs.org/@jridgewell/trace-mapping/-/trace-mapping-0.3.31.tgz"
  integrity sha512-zzNR+SdQSDJzc8joaeP8QQoCQr8NuYx2dIIytl1QeBEZHJ9uW6hebsrYgbz8hJwUQao3TWCMtmfV8Nu1twOLAw==
  dependencies:
    "@jridgewell/resolve-uri" "^3.1.0"
    "@jridgewell/sourcemap-codec" "^1.4.14"

"@nodelib/fs.scandir@2.1.5":
  version "2.1.5"
  resolved "https://registry.npmjs.org/@nodelib/fs.scandir/-/fs.scandir-2.1.5.tgz"
  integrity sha512-vq24Bq3ym5HEQm2NKCr3yXDwjc7vTsEThRDnkp2DK9p1uqLR+DHurm/NOTo0KG7HYHU7eppKZj3MyqYuMBf62g==
  dependencies:
    "@nodelib/fs.stat" "2.0.5"
    run-parallel "^1.1.9"

"@nodelib/fs.stat@^2.0.2", "@nodelib/fs.stat@2.0.5":
  version "2.0.5"
  resolved "https://registry.npmjs.org/@nodelib/fs.stat/-/fs.stat-2.0.5.tgz"
  integrity sha512-RkhPPp2zrqDAQA/2jNhnztcPAlv64XdhIp7a7454A5ovI7Bukxgt7MX7udwAu3zg1DcpPU0rz3VV1SeaqvY4+A==

"@nodelib/fs.walk@^1.2.3":
  version "1.2.8"
  resolved "https://registry.npmjs.org/@nodelib/fs.walk/-/fs.walk-1.2.8.tgz"
  integrity sha512-oGB+UxlgWcgQkgwo8GcEGwemoTFt3FIO9ababBmaGwXIoBKZ+GTy0pP185beGg7Llih/NSHSV2XAs1lnznocSg==
  dependencies:
    "@nodelib/fs.scandir" "2.1.5"
    fastq "^1.6.0"

"@polka/url@^1.0.0-next.24":
  version "1.0.0-next.29"
  resolved "https://registry.npmjs.org/@polka/url/-/url-1.0.0-next.29.tgz"
  integrity sha512-wwQAWhWSuHaag8c4q/KN/vCoeOJYshAIvMQwD4GpSb3OiZklFfvAgmj0VCBBImRpuF/aFgIRzllXlVX93Jevww==

"@rollup/rollup-linux-x64-gnu@4.52.3":
  version "4.52.3"
  resolved "https://registry.npmjs.org/@rollup/rollup-linux-x64-gnu/-/rollup-linux-x64-gnu-4.52.3.tgz"
  integrity sha512-tPgGd6bY2M2LJTA1uGq8fkSPK8ZLYjDjY+ZLK9WHncCnfIz29LIXIqUgzCR0hIefzy6Hpbe8Th5WOSwTM8E7LA==

"@rollup/rollup-linux-x64-musl@4.52.3":
  version "4.52.3"
  resolved "https://registry.npmjs.org/@rollup/rollup-linux-x64-musl/-/rollup-linux-x64-musl-4.52.3.tgz"
  integrity sha512-BCFkJjgk+WFzP+tcSMXq77ymAPIxsX9lFJWs+2JzuZTLtksJ2o5hvgTdIcZ5+oKzUDMwI0PfWzRBYAydAHF2Mw==

"@svgdotjs/svg.draggable.js@^3.0.4":
  version "3.0.6"
  resolved "https://registry.npmjs.org/@svgdotjs/svg.draggable.js/-/svg.draggable.js-3.0.6.tgz"
  integrity sha512-7iJFm9lL3C40HQcqzEfezK2l+dW2CpoVY3b77KQGqc8GXWa6LhhmX5Ckv7alQfUXBuZbjpICZ+Dvq1czlGx7gA==

"@svgdotjs/svg.filter.js@^3.0.8":
  version "3.0.9"
  resolved "https://registry.npmjs.org/@svgdotjs/svg.filter.js/-/svg.filter.js-3.0.9.tgz"
  integrity sha512-/69XMRCDoam2HgC4ldHIaDgeQf1ViHIsa0Ld4uWgiXtZ+E24DWHe/9Ib6kbNiZ7WRIdlVokUDR1Fg0kjIpkfbw==
  dependencies:
    "@svgdotjs/svg.js" "^3.2.4"

"@svgdotjs/svg.js@^3.2.4":
  version "3.2.5"
  resolved "https://registry.npmjs.org/@svgdotjs/svg.js/-/svg.js-3.2.5.tgz"
  integrity sha512-/VNHWYhNu+BS7ktbYoVGrCmsXDh+chFMaONMwGNdIBcFHrWqk2jY8fNyr3DLdtQUIalvkPfM554ZSFa3dm3nxQ==

"@svgdotjs/svg.resize.js@^2.0.2":
  version "2.0.5"
  resolved "https://registry.npmjs.org/@svgdotjs/svg.resize.js/-/svg.resize.js-2.0.5.tgz"
  integrity sha512-4heRW4B1QrJeENfi7326lUPYBCevj78FJs8kfeDxn5st0IYPIRXoTtOSYvTzFWgaWWXd3YCDE6ao4fmv91RthA==

"@svgdotjs/svg.select.js@^4.0.1":
  version "4.0.3"
  resolved "https://registry.npmjs.org/@svgdotjs/svg.select.js/-/svg.select.js-4.0.3.tgz"
  integrity sha512-qkMgso1sd2hXKd1FZ1weO7ANq12sNmQJeGDjs46QwDVsxSRcHmvWKL2NDF7Yimpwf3sl5esOLkPqtV2bQ3v/Jg==

"@swc/helpers@^0.2.13":
  version "0.2.14"
  resolved "https://registry.npmjs.org/@swc/helpers/-/helpers-0.2.14.tgz"
  integrity sha512-wpCQMhf5p5GhNg2MmGKXzUNwxe7zRiCsmqYsamez2beP7mKPCSiu+BjZcdN95yYSzO857kr0VfQewmGpS77nqA==

"@tailwindcss/forms@^0.5.10":
  version "0.5.10"
  resolved "https://registry.npmjs.org/@tailwindcss/forms/-/forms-0.5.10.tgz"
  integrity sha512-utI1ONF6uf/pPNO68kmN1b8rEwNXv3czukalo8VtJH8ksIkZXr3Q3VYudZLkCsDd4Wku120uF02hYK25XGPorw==
  dependencies:
    mini-svg-data-uri "^1.2.3"

"@tailwindcss/node@4.1.13":
  version "4.1.13"
  resolved "https://registry.npmjs.org/@tailwindcss/node/-/node-4.1.13.tgz"
  integrity sha512-eq3ouolC1oEFOAvOMOBAmfCIqZBJuvWvvYWh5h5iOYfe1HFC6+GZ6EIL0JdM3/niGRJmnrOc+8gl9/HGUaaptw==
  dependencies:
    "@jridgewell/remapping" "^2.3.4"
    enhanced-resolve "^5.18.3"
    jiti "^2.5.1"
    lightningcss "1.30.1"
    magic-string "^0.30.18"
    source-map-js "^1.2.1"
    tailwindcss "4.1.13"

"@tailwindcss/oxide-linux-x64-gnu@4.1.13":
  version "4.1.13"
  resolved "https://registry.npmjs.org/@tailwindcss/oxide-linux-x64-gnu/-/oxide-linux-x64-gnu-4.1.13.tgz"
  integrity sha512-uaZTYWxSXyMWDJZNY1Ul7XkJTCBRFZ5Fo6wtjrgBKzZLoJNrG+WderJwAjPzuNZOnmdrVg260DKwXCFtJ/hWRQ==

"@tailwindcss/oxide-linux-x64-musl@4.1.13":
  version "4.1.13"
  resolved "https://registry.npmjs.org/@tailwindcss/oxide-linux-x64-musl/-/oxide-linux-x64-musl-4.1.13.tgz"
  integrity sha512-oXiPj5mi4Hdn50v5RdnuuIms0PVPI/EG4fxAfFiIKQh5TgQgX7oSuDWntHW7WNIi/yVLAiS+CRGW4RkoGSSgVQ==

"@tailwindcss/oxide@4.1.13":
  version "4.1.13"
  resolved "https://registry.npmjs.org/@tailwindcss/oxide/-/oxide-4.1.13.tgz"
  integrity sha512-CPgsM1IpGRa880sMbYmG1s4xhAy3xEt1QULgTJGQmZUeNgXFR7s1YxYygmJyBGtou4SyEosGAGEeYqY7R53bIA==
  dependencies:
    detect-libc "^2.0.4"
    tar "^7.4.3"
  optionalDependencies:
    "@tailwindcss/oxide-android-arm64" "4.1.13"
    "@tailwindcss/oxide-darwin-arm64" "4.1.13"
    "@tailwindcss/oxide-darwin-x64" "4.1.13"
    "@tailwindcss/oxide-freebsd-x64" "4.1.13"
    "@tailwindcss/oxide-linux-arm-gnueabihf" "4.1.13"
    "@tailwindcss/oxide-linux-arm64-gnu" "4.1.13"
    "@tailwindcss/oxide-linux-arm64-musl" "4.1.13"
    "@tailwindcss/oxide-linux-x64-gnu" "4.1.13"
    "@tailwindcss/oxide-linux-x64-musl" "4.1.13"
    "@tailwindcss/oxide-wasm32-wasi" "4.1.13"
    "@tailwindcss/oxide-win32-arm64-msvc" "4.1.13"
    "@tailwindcss/oxide-win32-x64-msvc" "4.1.13"

"@tailwindcss/typography@^0.5.16":
  version "0.5.19"
  resolved "https://registry.npmjs.org/@tailwindcss/typography/-/typography-0.5.19.tgz"
  integrity sha512-w31dd8HOx3k9vPtcQh5QHP9GwKcgbMp87j58qi6xgiBnFFtKEAgCWnDw4qUT8aHwkCp8bKvb/KGKWWHedP0AAg==
  dependencies:
    postcss-selector-parser "6.0.10"

"@tailwindcss/vite@^4.1.6":
  version "4.1.13"
  resolved "https://registry.npmjs.org/@tailwindcss/vite/-/vite-4.1.13.tgz"
  integrity sha512-0PmqLQ010N58SbMTJ7BVJ4I2xopiQn/5i6nlb4JmxzQf8zcS5+m2Cv6tqh+sfDwtIdjoEnOvwsGQ1hkUi8QEHQ==
  dependencies:
    "@tailwindcss/node" "4.1.13"
    "@tailwindcss/oxide" "4.1.13"
    tailwindcss "4.1.13"

"@types/estree@1.0.8":
  version "1.0.8"
  resolved "https://registry.npmjs.org/@types/estree/-/estree-1.0.8.tgz"
  integrity sha512-dWHzHa2WqEXI/O1E9OjrocMTKJl2mSrEolh1Iomrv6U+JuNwaHXsXx9bLu5gG7BUWFIN0skIQJQ/L1rIex4X6w==

"@yr/monotone-cubic-spline@^1.0.3":
  version "1.0.3"
  resolved "https://registry.npmjs.org/@yr/monotone-cubic-spline/-/monotone-cubic-spline-1.0.3.tgz"
  integrity sha512-FQXkOta0XBSUPHndIKON2Y9JeQz5ZeMqLYZVVK93FliNBFm7LNMIZmY6FrMEB9XPcDbE2bekMbZD6kzDkxwYjA==

acorn@^8.15.0:
  version "8.15.0"
  resolved "https://registry.npmjs.org/acorn/-/acorn-8.15.0.tgz"
  integrity sha512-NZyJarBfL7nWwIq+FDL6Zp/yHEhePMNnnJ0y3qfieCrmNvYct8uvtiV41UvlSe6apAfk0fY1FbWx+NwfmpvtTg==

ansi-regex@^5.0.1:
  version "5.0.1"
  resolved "https://registry.npmjs.org/ansi-regex/-/ansi-regex-5.0.1.tgz"
  integrity sha512-quJQXlTSUGL2LH9SUXo8VwsY4soanhgo6LNSm84E1LBcE8s3O0wpdiRzyR9z/ZZJMlMWv37qOOb9pdJlMUEKFQ==

ansi-regex@^6.0.1:
  version "6.2.2"
  resolved "https://registry.npmjs.org/ansi-regex/-/ansi-regex-6.2.2.tgz"
  integrity sha512-Bq3SmSpyFHaWjPk8If9yc6svM8c56dB5BAtW4Qbw5jHTwwXXcTLoRMkpDJp6VL0XzlWaCHTXrkFURMYmD0sLqg==

ansi-styles@^4.0.0:
  version "4.3.0"
  resolved "https://registry.npmjs.org/ansi-styles/-/ansi-styles-4.3.0.tgz"
  integrity sha512-zbB9rCJAT1rbjiVDb2hqKFHNYLxgtk8NURxZ3IZwD3F6NtxbXZQCnnSi1Lkx+IDohdPlFp222wVALIheZJQSEg==
  dependencies:
    color-convert "^2.0.1"

ansi-styles@^6.1.0:
  version "6.2.3"
  resolved "https://registry.npmjs.org/ansi-styles/-/ansi-styles-6.2.3.tgz"
  integrity sha512-4Dj6M28JB+oAH8kFkTLUo+a2jwOFkuqb3yucU0CANcRRUbxS0cP0nZYCGjcc3BNXwRIsUVmDGgzawme7zvJHvg==

apexcharts@^4.5.0, apexcharts@^4.6.0:
  version "4.7.0"
  resolved "https://registry.npmjs.org/apexcharts/-/apexcharts-4.7.0.tgz"
  integrity sha512-iZSrrBGvVlL+nt2B1NpqfDuBZ9jX61X9I2+XV0hlYXHtTwhwLTHDKGXjNXAgFBDLuvSYCB/rq2nPWVPRv2DrGA==
  dependencies:
    "@svgdotjs/svg.draggable.js" "^3.0.4"
    "@svgdotjs/svg.filter.js" "^3.0.8"
    "@svgdotjs/svg.js" "^3.2.4"
    "@svgdotjs/svg.resize.js" "^2.0.2"
    "@svgdotjs/svg.select.js" "^4.0.1"
    "@yr/monotone-cubic-spline" "^1.0.3"

braces@^3.0.3:
  version "3.0.3"
  resolved "https://registry.npmjs.org/braces/-/braces-3.0.3.tgz"
  integrity sha512-yQbXgO/OSZVD2IsiLlro+7Hf6Q18EJrKSEsdoMzKePKXct3gvD8oLcOQdIzGupr5Fj+EDe8gO/lxc1BzfMpxvA==
  dependencies:
    fill-range "^7.1.1"

chownr@^3.0.0:
  version "3.0.0"
  resolved "https://registry.npmjs.org/chownr/-/chownr-3.0.0.tgz"
  integrity sha512-+IxzY9BZOQd/XuYPRmrvEVjF/nqj5kgT4kEq7VofrDoM1MxoRjEWkrCC3EtLi59TVawxTAn+orJwFQcrqEN1+g==

color-convert@^2.0.1:
  version "2.0.1"
  resolved "https://registry.npmjs.org/color-convert/-/color-convert-2.0.1.tgz"
  integrity sha512-RRECPsj7iu/xb5oKYcsFHSppFNnsj/52OVTRKb4zP5onXwVF3zVmmToNcOfGC+CRDpfK/U584fMg38ZHCaElKQ==
  dependencies:
    color-name "~1.1.4"

color-name@~1.1.4:
  version "1.1.4"
  resolved "https://registry.npmjs.org/color-name/-/color-name-1.1.4.tgz"
  integrity sha512-dOy+3AuW3a2wNbZHIuMZpTcgjGuLU/uBL/ubcZF9OXbDo8ff4O8yVp5Bf0efS8uEoYo5q4Fx7dY9OgQGXgAsQA==

confbox@^0.1.8:
  version "0.1.8"
  resolved "https://registry.npmjs.org/confbox/-/confbox-0.1.8.tgz"
  integrity sha512-RMtmw0iFkeR4YV+fUOSucriAQNb9g8zFR52MWCtl+cCZOFRNL6zeB395vPzFhEjjn4fMxXudmELnl/KF/WrK6w==

confbox@^0.2.2:
  version "0.2.2"
  resolved "https://registry.npmjs.org/confbox/-/confbox-0.2.2.tgz"
  integrity sha512-1NB+BKqhtNipMsov4xI/NnhCKp9XG9NamYp5PVm9klAT0fsrNPjaFICsCFhNhwZJKNh7zB/3q8qXz0E9oaMNtQ==

cross-spawn@^7.0.6:
  version "7.0.6"
  resolved "https://registry.npmjs.org/cross-spawn/-/cross-spawn-7.0.6.tgz"
  integrity sha512-uV2QOWP2nWzsy2aMp8aRibhi9dlzF5Hgh5SHaB9OiTGEyDTiJJyx0uy51QXdyWbtAHNua4XJzUKca3OzKUd3vA==
  dependencies:
    path-key "^3.1.0"
    shebang-command "^2.0.0"
    which "^2.0.1"

cssesc@^3.0.0:
  version "3.0.0"
  resolved "https://registry.npmjs.org/cssesc/-/cssesc-3.0.0.tgz"
  integrity sha512-/Tb/JcjK111nNScGob5MNtsntNM1aCNUDipB/TkwZFhyDrrE47SOx/18wF2bbjgc3ZzCSKW1T5nt5EbFoAz/Vg==

datatables.net-dt@^2.2.2:
  version "2.3.4"
  resolved "https://registry.npmjs.org/datatables.net-dt/-/datatables.net-dt-2.3.4.tgz"
  integrity sha512-qOCnnUuFTiju4AOMM4xy4Lx87UfyHdIHIMYdbBXD4pAtvoWTH9wMzVTN/2gFNT4GlbrLkmGf5ZkU6uLRTTymMA==
  dependencies:
    datatables.net "2.3.4"
    jquery ">=1.7"

datatables.net@2.3.4:
  version "2.3.4"
  resolved "https://registry.npmjs.org/datatables.net/-/datatables.net-2.3.4.tgz"
  integrity sha512-fKuRlrBIdpAl2uIFgl9enKecHB41QmFd/2nN9LBbOvItV/JalAxLcyqdZXex7wX4ZXjnJQEnv6xeS9veOpKzSw==
  dependencies:
    jquery ">=1.7"

debug@^4.4.0, debug@^4.4.1:
  version "4.4.3"
  resolved "https://registry.npmjs.org/debug/-/debug-4.4.3.tgz"
  integrity sha512-RGwwWnwQvkVfavKVt22FGLw+xYSdzARwm0ru6DhTVA3umU5hZc28V3kO4stgYryrTlLpuvgI9GiijltAjNbcqA==
  dependencies:
    ms "^2.1.3"

detect-libc@^2.0.3, detect-libc@^2.0.4:
  version "2.1.1"
  resolved "https://registry.npmjs.org/detect-libc/-/detect-libc-2.1.1.tgz"
  integrity sha512-ecqj/sy1jcK1uWrwpR67UhYrIFQ+5WlGxth34WquCbamhFA6hkkwiu37o6J5xCHdo1oixJRfVRw+ywV+Hq/0Aw==

dropzone@^6.0.0-beta.2:
  version "6.0.0-beta.2"
  resolved "https://registry.npmjs.org/dropzone/-/dropzone-6.0.0-beta.2.tgz"
  integrity sha512-k44yLuFFhRk53M8zP71FaaNzJYIzr99SKmpbO/oZKNslDjNXQsBTdfLs+iONd0U0L94zzlFzRnFdqbLcs7h9fQ==
  dependencies:
    "@swc/helpers" "^0.2.13"
    just-extend "^5.0.0"

eastasianwidth@^0.2.0:
  version "0.2.0"
  resolved "https://registry.npmjs.org/eastasianwidth/-/eastasianwidth-0.2.0.tgz"
  integrity sha512-I88TYZWc9XiYHRQ4/3c5rjjfgkjhLyW2luGIheGERbNQ6OY7yTybanSpDXZa8y7VUP9YmDcYa+eyq4ca7iLqWA==

emoji-regex@^8.0.0:
  version "8.0.0"
  resolved "https://registry.npmjs.org/emoji-regex/-/emoji-regex-8.0.0.tgz"
  integrity sha512-MSjYzcWNOA0ewAHpz0MxpYFvwg6yjy1NG3xteoqz644VCo/RPgnr1/GGt+ic3iJTzQ8Eu3TdM14SawnVUmGE6A==

emoji-regex@^9.2.2:
  version "9.2.2"
  resolved "https://registry.npmjs.org/emoji-regex/-/emoji-regex-9.2.2.tgz"
  integrity sha512-L18DaJsXSUk2+42pv8mLs5jJT2hqFkFE4j21wOmgbUqsZ2hL72NsUU785g9RXgo3s0ZNgVl42TiHp3ZtOv/Vyg==

enhanced-resolve@^5.18.3:
  version "5.18.3"
  resolved "https://registry.npmjs.org/enhanced-resolve/-/enhanced-resolve-5.18.3.tgz"
  integrity sha512-d4lC8xfavMeBjzGr2vECC3fsGXziXZQyJxD868h2M/mBI3PwAuODxAkLkq5HYuvrPYcUtiLzsTo8U3PgX3Ocww==
  dependencies:
    graceful-fs "^4.2.4"
    tapable "^2.2.0"

esbuild@^0.25.0:
  version "0.25.10"
  resolved "https://registry.npmjs.org/esbuild/-/esbuild-0.25.10.tgz"
  integrity sha512-9RiGKvCwaqxO2owP61uQ4BgNborAQskMR6QusfWzQqv7AZOg5oGehdY2pRJMTKuwxd1IDBP4rSbI5lHzU7SMsQ==
  optionalDependencies:
    "@esbuild/aix-ppc64" "0.25.10"
    "@esbuild/android-arm" "0.25.10"
    "@esbuild/android-arm64" "0.25.10"
    "@esbuild/android-x64" "0.25.10"
    "@esbuild/darwin-arm64" "0.25.10"
    "@esbuild/darwin-x64" "0.25.10"
    "@esbuild/freebsd-arm64" "0.25.10"
    "@esbuild/freebsd-x64" "0.25.10"
    "@esbuild/linux-arm" "0.25.10"
    "@esbuild/linux-arm64" "0.25.10"
    "@esbuild/linux-ia32" "0.25.10"
    "@esbuild/linux-loong64" "0.25.10"
    "@esbuild/linux-mips64el" "0.25.10"
    "@esbuild/linux-ppc64" "0.25.10"
    "@esbuild/linux-riscv64" "0.25.10"
    "@esbuild/linux-s390x" "0.25.10"
    "@esbuild/linux-x64" "0.25.10"
    "@esbuild/netbsd-arm64" "0.25.10"
    "@esbuild/netbsd-x64" "0.25.10"
    "@esbuild/openbsd-arm64" "0.25.10"
    "@esbuild/openbsd-x64" "0.25.10"
    "@esbuild/openharmony-arm64" "0.25.10"
    "@esbuild/sunos-x64" "0.25.10"
    "@esbuild/win32-arm64" "0.25.10"
    "@esbuild/win32-ia32" "0.25.10"
    "@esbuild/win32-x64" "0.25.10"

exsolve@^1.0.7:
  version "1.0.7"
  resolved "https://registry.npmjs.org/exsolve/-/exsolve-1.0.7.tgz"
  integrity sha512-VO5fQUzZtI6C+vx4w/4BWJpg3s/5l+6pRQEHzFRM8WFi4XffSP1Z+4qi7GbjWbvRQEbdIco5mIMq+zX4rPuLrw==

fast-glob@^3.3.3:
  version "3.3.3"
  resolved "https://registry.npmjs.org/fast-glob/-/fast-glob-3.3.3.tgz"
  integrity sha512-7MptL8U0cqcFdzIzwOTHoilX9x5BrNqye7Z/LuC7kCMRio1EMSyqRK3BEAUD7sXRq4iT4AzTVuZdhgQ2TCvYLg==
  dependencies:
    "@nodelib/fs.stat" "^2.0.2"
    "@nodelib/fs.walk" "^1.2.3"
    glob-parent "^5.1.2"
    merge2 "^1.3.0"
    micromatch "^4.0.8"

fastq@^1.6.0:
  version "1.19.1"
  resolved "https://registry.npmjs.org/fastq/-/fastq-1.19.1.tgz"
  integrity sha512-GwLTyxkCXjXbxqIhTsMI2Nui8huMPtnxg7krajPJAjnEG/iiOS7i+zCtWGZR9G0NBKbXKh6X9m9UIsYX/N6vvQ==
  dependencies:
    reusify "^1.0.4"

fdir@^6.5.0:
  version "6.5.0"
  resolved "https://registry.npmjs.org/fdir/-/fdir-6.5.0.tgz"
  integrity sha512-tIbYtZbucOs0BRGqPJkshJUYdL+SDH7dVM8gjy+ERp3WAUjLEFJE+02kanyHtwjWOnwrKYBiwAmM0p4kLJAnXg==

fill-range@^7.1.1:
  version "7.1.1"
  resolved "https://registry.npmjs.org/fill-range/-/fill-range-7.1.1.tgz"
  integrity sha512-YsGpe3WHLK8ZYi4tWDg2Jy3ebRz2rXowDxnld4bkQB00cc/1Zw9AWnC0i9ztDJitivtQvaI9KaLyKrc+hBW0yg==
  dependencies:
    to-regex-range "^5.0.1"

flatpickr@^4.6.13:
  version "4.6.13"
  resolved "https://registry.npmjs.org/flatpickr/-/flatpickr-4.6.13.tgz"
  integrity sha512-97PMG/aywoYpB4IvbvUJi0RQi8vearvU0oov1WW3k0WZPBMrTQVqekSX5CjSG/M4Q3i6A/0FKXC7RyAoAUUSPw==

foreground-child@^3.3.1:
  version "3.3.1"
  resolved "https://registry.npmjs.org/foreground-child/-/foreground-child-3.3.1.tgz"
  integrity sha512-gIXjKqtFuWEgzFRJA9WCQeSJLZDjgJUOMCMzxtvFq/37KojM1BFGufqsCy0r4qSQmYLsZYMeyRqzIWOMup03sw==
  dependencies:
    cross-spawn "^7.0.6"
    signal-exit "^4.0.1"

fullcalendar@^6.1.17:
  version "6.1.19"
  resolved "https://registry.npmjs.org/fullcalendar/-/fullcalendar-6.1.19.tgz"
  integrity sha512-/DsMLYyU1kdOVojaV+ITNH2cHlHtyt6X3m4P6hhH0kwfHZpQbXajJnDbnFIufu/BdE9YcknMRPJj3R7FbPkg1A==
  dependencies:
    "@fullcalendar/core" "~6.1.19"
    "@fullcalendar/daygrid" "~6.1.19"
    "@fullcalendar/interaction" "~6.1.19"
    "@fullcalendar/list" "~6.1.19"
    "@fullcalendar/multimonth" "~6.1.19"
    "@fullcalendar/timegrid" "~6.1.19"

glob-parent@^5.1.2:
  version "5.1.2"
  resolved "https://registry.npmjs.org/glob-parent/-/glob-parent-5.1.2.tgz"
  integrity sha512-AOIgSQCepiJYwP3ARnGx+5VnTu2HBYdzbGP45eLw1vr3zB3vZLeyed1sC9hnbcOc9/SrMyM5RPQrkGz4aS9Zow==
  dependencies:
    is-glob "^4.0.1"

glob@^11.0.2:
  version "11.0.3"
  resolved "https://registry.npmjs.org/glob/-/glob-11.0.3.tgz"
  integrity sha512-2Nim7dha1KVkaiF4q6Dj+ngPPMdfvLJEOpZk/jKiUAkqKebpGAWQXAq9z1xu9HKu5lWfqw/FASuccEjyznjPaA==
  dependencies:
    foreground-child "^3.3.1"
    jackspeak "^4.1.1"
    minimatch "^10.0.3"
    minipass "^7.1.2"
    package-json-from-dist "^1.0.0"
    path-scurry "^2.0.0"

globals@^15.14.0:
  version "15.15.0"
  resolved "https://registry.npmjs.org/globals/-/globals-15.15.0.tgz"
  integrity sha512-7ACyT3wmyp3I61S4fG682L0VA2RGD9otkqGJIwNUMF1SWUombIIk+af1unuDYgMm082aHYwD+mzJvv9Iu8dsgg==

graceful-fs@^4.2.4:
  version "4.2.11"
  resolved "https://registry.npmjs.org/graceful-fs/-/graceful-fs-4.2.11.tgz"
  integrity sha512-RbJ5/jmFcNNCcDV5o9eTnBLJ/HszWV0P73bc+Ff4nS/rJj+YaS6IGyiOL0VoBYX+l1Wrl3k63h/KrH+nhJ0XvQ==

inherits@2.0.3:
  version "2.0.3"
  resolved "https://registry.npmjs.org/inherits/-/inherits-2.0.3.tgz"
  integrity sha512-x00IRNXNy63jwGkJmzPigoySHbaqpNuzKbBOmzK+g2OdZpQ9w+sxCN+VSB3ja7IAge2OP2qpfxTjeNcyjmW1uw==

is-extglob@^2.1.1:
  version "2.1.1"
  resolved "https://registry.npmjs.org/is-extglob/-/is-extglob-2.1.1.tgz"
  integrity sha512-SbKbANkN603Vi4jEZv49LeVJMn4yGwsbzZworEoyEiutsN3nJYdbO36zfhGJ6QEDpOZIFkDtnq5JRxmvl3jsoQ==

is-fullwidth-code-point@^3.0.0:
  version "3.0.0"
  resolved "https://registry.npmjs.org/is-fullwidth-code-point/-/is-fullwidth-code-point-3.0.0.tgz"
  integrity sha512-zymm5+u+sCsSWyD9qNaejV3DFvhCKclKdizYaJUuHA83RLjb7nSuGnddCHGv0hk+KY7BMAlsWeK4Ueg6EV6XQg==

is-glob@^4.0.1:
  version "4.0.3"
  resolved "https://registry.npmjs.org/is-glob/-/is-glob-4.0.3.tgz"
  integrity sha512-xelSayHH36ZgE7ZWhli7pW34hNbNl8Ojv5KVmkJD4hBdD3th8Tfk9vYasLM+mXWOZhFkgZfxhLSnrwRr4elSSg==
  dependencies:
    is-extglob "^2.1.1"

is-number@^7.0.0:
  version "7.0.0"
  resolved "https://registry.npmjs.org/is-number/-/is-number-7.0.0.tgz"
  integrity sha512-41Cifkg6e8TylSpdtTpeLVMqvSBEVzTttHvERD741+pnZ8ANv0004MRL43QKPDlK9cGvNp6NZWZUBlbGXYxxng==

isexe@^2.0.0:
  version "2.0.0"
  resolved "https://registry.npmjs.org/isexe/-/isexe-2.0.0.tgz"
  integrity sha512-RHxMLp9lnKHGHRng9QFhRCMbYAcVpn69smSGcq3f36xjgVVWThj4qqLbTLlq7Ssj8B+fIQ1EuCEGI2lKsyQeIw==

jackspeak@^4.1.1:
  version "4.1.1"
  resolved "https://registry.npmjs.org/jackspeak/-/jackspeak-4.1.1.tgz"
  integrity sha512-zptv57P3GpL+O0I7VdMJNBZCu+BPHVQUk55Ft8/QCJjTVxrnJHuVuX/0Bl2A6/+2oyR/ZMEuFKwmzqqZ/U5nPQ==
  dependencies:
    "@isaacs/cliui" "^8.0.2"

jiti@^2.5.1, jiti@>=1.21.0:
  version "2.6.0"
  resolved "https://registry.npmjs.org/jiti/-/jiti-2.6.0.tgz"
  integrity sha512-VXe6RjJkBPj0ohtqaO8vSWP3ZhAKo66fKrFNCll4BTcwljPLz03pCbaNKfzGP5MbrCYcbJ7v0nOYYwUzTEIdXQ==

jquery@>=1.7:
  version "3.7.1"
  resolved "https://registry.npmjs.org/jquery/-/jquery-3.7.1.tgz"
  integrity sha512-m4avr8yL8kmFN8psrbFFFmB/If14iN5o9nw/NgnnM+kybDJpRsAynV2BsfpTYrTRysYUdADVD7CkUUizgkpLfg==

just-extend@^5.0.0:
  version "5.1.1"
  resolved "https://registry.npmjs.org/just-extend/-/just-extend-5.1.1.tgz"
  integrity sha512-b+z6yF1d4EOyDgylzQo5IminlUmzSeqR1hs/bzjBNjuGras4FXq/6TrzjxfN0j+TmI0ltJzTNlqXUMCniciwKQ==

kolorist@^1.8.0:
  version "1.8.0"
  resolved "https://registry.npmjs.org/kolorist/-/kolorist-1.8.0.tgz"
  integrity sha512-Y+60/zizpJ3HRH8DCss+q95yr6145JXZo46OTpFvDZWLfRCE4qChOyk1b26nMaNpfHHgxagk9dXT5OP0Tfe+dQ==

lightningcss-linux-x64-gnu@1.30.1:
  version "1.30.1"
  resolved "https://registry.npmjs.org/lightningcss-linux-x64-gnu/-/lightningcss-linux-x64-gnu-1.30.1.tgz"
  integrity sha512-piWx3z4wN8J8z3+O5kO74+yr6ze/dKmPnI7vLqfSqI8bccaTGY5xiSGVIJBDd5K5BHlvVLpUB3S2YCfelyJ1bw==

lightningcss-linux-x64-musl@1.30.1:
  version "1.30.1"
  resolved "https://registry.npmjs.org/lightningcss-linux-x64-musl/-/lightningcss-linux-x64-musl-1.30.1.tgz"
  integrity sha512-rRomAK7eIkL+tHY0YPxbc5Dra2gXlI63HL+v1Pdi1a3sC+tJTcFrHX+E86sulgAXeI7rSzDYhPSeHHjqFhqfeQ==

lightningcss@^1.21.0, lightningcss@1.30.1:
  version "1.30.1"
  resolved "https://registry.npmjs.org/lightningcss/-/lightningcss-1.30.1.tgz"
  integrity sha512-xi6IyHML+c9+Q3W0S4fCQJOym42pyurFiJUHEcEyHS0CeKzia4yZDEsLlqOFykxOdHpNy0NmvVO31vcSqAxJCg==
  dependencies:
    detect-libc "^2.0.3"
  optionalDependencies:
    lightningcss-darwin-arm64 "1.30.1"
    lightningcss-darwin-x64 "1.30.1"
    lightningcss-freebsd-x64 "1.30.1"
    lightningcss-linux-arm-gnueabihf "1.30.1"
    lightningcss-linux-arm64-gnu "1.30.1"
    lightningcss-linux-arm64-musl "1.30.1"
    lightningcss-linux-x64-gnu "1.30.1"
    lightningcss-linux-x64-musl "1.30.1"
    lightningcss-win32-arm64-msvc "1.30.1"
    lightningcss-win32-x64-msvc "1.30.1"

local-pkg@^1.0.0:
  version "1.1.2"
  resolved "https://registry.npmjs.org/local-pkg/-/local-pkg-1.1.2.tgz"
  integrity sha512-arhlxbFRmoQHl33a0Zkle/YWlmNwoyt6QNZEIJcqNbdrsix5Lvc4HyyI3EnwxTYlZYc32EbYrQ8SzEZ7dqgg9A==
  dependencies:
    mlly "^1.7.4"
    pkg-types "^2.3.0"
    quansync "^0.2.11"

lodash-es@^4.17.21:
  version "4.17.21"
  resolved "https://registry.npmjs.org/lodash-es/-/lodash-es-4.17.21.tgz"
  integrity sha512-mKnC+QJ9pWVzv+C4/U3rRsHapFfHvQFoFB92e52xeyGMcX6/OlIl78je1u8vePzYZSkkogMPJ2yjxxsb89cxyw==

lodash@^4.17.21:
  version "4.17.21"
  resolved "https://registry.npmjs.org/lodash/-/lodash-4.17.21.tgz"
  integrity sha512-v2kDEe57lecTulaDIuNTPy3Ry4gLGJ6Z1O3vE1krgXZNrsQ+LFTGHVxVjcXPs17LhbZVGedAJv8XZ1tvj5FvSg==

lru-cache@^11.0.0:
  version "11.2.2"
  resolved "https://registry.npmjs.org/lru-cache/-/lru-cache-11.2.2.tgz"
  integrity sha512-F9ODfyqML2coTIsQpSkRHnLSZMtkU8Q+mSfcaIyKwy58u+8k5nvAYeiNhsyMARvzNcXJ9QfWVrcPsC9e9rAxtg==

lucide@^0.544.0:
  version "0.544.0"
  resolved "https://registry.npmjs.org/lucide/-/lucide-0.544.0.tgz"
  integrity sha512-U5ORwr5z9Sx7bNTDFaW55RbjVdQEnAcT3vws9uz3vRT1G4XXJUDAhRZdxhFoIyHEvjmTkzzlEhjSLYM5n4mb5w==

magic-string@^0.30.18:
  version "0.30.19"
  resolved "https://registry.npmjs.org/magic-string/-/magic-string-0.30.19.tgz"
  integrity sha512-2N21sPY9Ws53PZvsEpVtNuSW+ScYbQdp4b9qUaL+9QkHUrGFKo56Lg9Emg5s9V/qrtNBmiR01sYhUOwu3H+VOw==
  dependencies:
    "@jridgewell/sourcemap-codec" "^1.5.5"

merge2@^1.3.0:
  version "1.4.1"
  resolved "https://registry.npmjs.org/merge2/-/merge2-1.4.1.tgz"
  integrity sha512-8q7VEgMJW4J8tcfVPy8g09NcQwZdbwFEqhe/WZkoIzjn/3TGDwtOCYtXGxA3O8tPzpczCCDgv+P2P5y00ZJOOg==

micromatch@^4.0.8:
  version "4.0.8"
  resolved "https://registry.npmjs.org/micromatch/-/micromatch-4.0.8.tgz"
  integrity sha512-PXwfBhYu0hBCPw8Dn0E+WDYb7af3dSLVWKi3HGv84IdF4TyFoC0ysxFd0Goxw7nSv4T/PzEJQxsYsEiFCKo2BA==
  dependencies:
    braces "^3.0.3"
    picomatch "^2.3.1"

mini-svg-data-uri@^1.2.3:
  version "1.4.4"
  resolved "https://registry.npmjs.org/mini-svg-data-uri/-/mini-svg-data-uri-1.4.4.tgz"
  integrity sha512-r9deDe9p5FJUPZAk3A59wGH7Ii9YrjjWw0jmw/liSbHl2CHiyXj6FcDXDu2K3TjVAXqiJdaw3xxwlZZr9E6nHg==

minimatch@^10.0.3:
  version "10.0.3"
  resolved "https://registry.npmjs.org/minimatch/-/minimatch-10.0.3.tgz"
  integrity sha512-IPZ167aShDZZUMdRk66cyQAW3qr0WzbHkPdMYa8bzZhlHhO3jALbKdxcaak7W9FfT2rZNpQuUu4Od7ILEpXSaw==
  dependencies:
    "@isaacs/brace-expansion" "^5.0.0"

minipass@^7.0.4, minipass@^7.1.2:
  version "7.1.2"
  resolved "https://registry.npmjs.org/minipass/-/minipass-7.1.2.tgz"
  integrity sha512-qOOzS1cBTWYF4BH8fVePDBOO9iptMnGUEZwNc/cMWnTV2nVLZ7VoNWEPHkYczZA0pdoA7dl6e7FL659nX9S2aw==

minizlib@^3.1.0:
  version "3.1.0"
  resolved "https://registry.npmjs.org/minizlib/-/minizlib-3.1.0.tgz"
  integrity sha512-KZxYo1BUkWD2TVFLr0MQoM8vUUigWD3LlD83a/75BqC+4qE0Hb1Vo5v1FgcfaNXvfXzr+5EhQ6ing/CaBijTlw==
  dependencies:
    minipass "^7.1.2"

mlly@^1.7.4:
  version "1.8.0"
  resolved "https://registry.npmjs.org/mlly/-/mlly-1.8.0.tgz"
  integrity sha512-l8D9ODSRWLe2KHJSifWGwBqpTZXIXTeo8mlKjY+E2HAakaTeNpqAyBZ8GSqLzHgw4XmHmC8whvpjJNMbFZN7/g==
  dependencies:
    acorn "^8.15.0"
    pathe "^2.0.3"
    pkg-types "^1.3.1"
    ufo "^1.6.1"

mrmime@^2.0.0:
  version "2.0.1"
  resolved "https://registry.npmjs.org/mrmime/-/mrmime-2.0.1.tgz"
  integrity sha512-Y3wQdFg2Va6etvQ5I82yUhGdsKrcYox6p7FfL1LbK2J4V01F9TGlepTIhnK24t7koZibmg82KGglhA1XK5IsLQ==

ms@^2.1.3:
  version "2.1.3"
  resolved "https://registry.npmjs.org/ms/-/ms-2.1.3.tgz"
  integrity sha512-6FlzubTLZG3J2a/NVCAleEhjzq5oxgHyaCU9yYXvcLsvoVaHJq/s5xXI6/XXP6tz7R9xAOtHnSO/tXtF3WRTlA==

nanoid@^3.3.11:
  version "3.3.11"
  resolved "https://registry.npmjs.org/nanoid/-/nanoid-3.3.11.tgz"
  integrity sha512-N8SpfPUnUp1bK+PMYW8qSWdl9U+wwNWI4QKxOYDy9JAro3WMX7p2OeVRF9v+347pnakNevPmiHhNmZ2HbFA76w==

nouislider@^15.8.1:
  version "15.8.1"
  resolved "https://registry.npmjs.org/nouislider/-/nouislider-15.8.1.tgz"
  integrity sha512-93TweAi8kqntHJSPiSWQ1o/uZ29VWOmal9YKb6KKGGlCkugaNfAupT7o1qTHqdJvNQ7S0su5rO6qRFCjP8fxtw==

package-json-from-dist@^1.0.0:
  version "1.0.1"
  resolved "https://registry.npmjs.org/package-json-from-dist/-/package-json-from-dist-1.0.1.tgz"
  integrity sha512-UEZIS3/by4OC8vL3P2dTXRETpebLI2NiI5vIrjaD/5UtrkFX/tNbwjTSRAGC/+7CAo2pIcBaRgWmcBBHcsaCIw==

package-manager-detector@^1.3.0:
  version "1.3.0"
  resolved "https://registry.npmjs.org/package-manager-detector/-/package-manager-detector-1.3.0.tgz"
  integrity sha512-ZsEbbZORsyHuO00lY1kV3/t72yp6Ysay6Pd17ZAlNGuGwmWDLCJxFpRs0IzfXfj1o4icJOkUEioexFHzyPurSQ==

path-key@^3.1.0:
  version "3.1.1"
  resolved "https://registry.npmjs.org/path-key/-/path-key-3.1.1.tgz"
  integrity sha512-ojmeN0qd+y0jszEtoY48r0Peq5dwMEkIlCOu6Q5f41lfkswXuKtYrhgoTpLnyIcHm24Uhqx+5Tqm2InSwLhE6Q==

path-scurry@^2.0.0:
  version "2.0.0"
  resolved "https://registry.npmjs.org/path-scurry/-/path-scurry-2.0.0.tgz"
  integrity sha512-ypGJsmGtdXUOeM5u93TyeIEfEhM6s+ljAhrk5vAvSx8uyY/02OvrZnA0YNGUrPXfpJMgI1ODd3nwz8Npx4O4cg==
  dependencies:
    lru-cache "^11.0.0"
    minipass "^7.1.2"

path@^0.12.7:
  version "0.12.7"
  resolved "https://registry.npmjs.org/path/-/path-0.12.7.tgz"
  integrity sha512-aXXC6s+1w7otVF9UletFkFcDsJeO7lSZBPUQhtb5O0xJe8LtYhj/GxldoL09bBj9+ZmE2hNoHqQSFMN5fikh4Q==
  dependencies:
    process "^0.11.1"
    util "^0.10.3"

pathe@^1.1.2:
  version "1.1.2"
  resolved "https://registry.npmjs.org/pathe/-/pathe-1.1.2.tgz"
  integrity sha512-whLdWMYL2TwI08hn8/ZqAbrVemu0LNaNNJZX73O6qaIdCTfXutsLhMkjdENX0qhsQ9uIimo4/aQOmXkoon2nDQ==

pathe@^2.0.1, pathe@^2.0.3:
  version "2.0.3"
  resolved "https://registry.npmjs.org/pathe/-/pathe-2.0.3.tgz"
  integrity sha512-WUjGcAqP1gQacoQe+OBJsFA7Ld4DyXuUIjZ5cc75cLHvJ7dtNsTugphxIADwspS+AraAUePCKrSVtPLFj/F88w==

picocolors@^1.1.1:
  version "1.1.1"
  resolved "https://registry.npmjs.org/picocolors/-/picocolors-1.1.1.tgz"
  integrity sha512-xceH2snhtb5M9liqDsmEw56le376mTZkEX/jEb/RxNFyegNul7eNslCXP9FDj/Lcu0X8KEyMceP2ntpaHrDEVA==

picomatch@^2.3.1:
  version "2.3.1"
  resolved "https://registry.npmjs.org/picomatch/-/picomatch-2.3.1.tgz"
  integrity sha512-JU3teHTNjmE2VCGFzuY8EXzCDVwEqB2a8fsIvwaStHhAWJEeVd1o1QD80CU6+ZdEXXSLbSsuLwJjkCBWqRQUVA==

"picomatch@^3 || ^4", picomatch@^4.0.3:
  version "4.0.3"
  resolved "https://registry.npmjs.org/picomatch/-/picomatch-4.0.3.tgz"
  integrity sha512-5gTmgEY/sqK6gFXLIsQNH19lWb4ebPDLA4SdLP7dsWkIXHWlG66oPuVvXSGFPppYZz8ZDZq0dYYrbHfBCVUb1Q==

pkg-types@^1.3.1:
  version "1.3.1"
  resolved "https://registry.npmjs.org/pkg-types/-/pkg-types-1.3.1.tgz"
  integrity sha512-/Jm5M4RvtBFVkKWRu2BLUTNP8/M2a+UwuAX+ae4770q1qVGtfjG+WTCupoZixokjmHiry8uI+dlY8KXYV5HVVQ==
  dependencies:
    confbox "^0.1.8"
    mlly "^1.7.4"
    pathe "^2.0.1"

pkg-types@^2.3.0:
  version "2.3.0"
  resolved "https://registry.npmjs.org/pkg-types/-/pkg-types-2.3.0.tgz"
  integrity sha512-SIqCzDRg0s9npO5XQ3tNZioRY1uK06lA41ynBC1YmFTmnY6FjUjVt6s4LoADmwoig1qqD0oK8h1p/8mlMx8Oig==
  dependencies:
    confbox "^0.2.2"
    exsolve "^1.0.7"
    pathe "^2.0.3"

postcss-selector-parser@6.0.10:
  version "6.0.10"
  resolved "https://registry.npmjs.org/postcss-selector-parser/-/postcss-selector-parser-6.0.10.tgz"
  integrity sha512-IQ7TZdoaqbT+LCpShg46jnZVlhWD2w6iQYAcYXfHARZ7X1t/UGhhceQDs5X0cGqKvYlHNOuv7Oa1xmb0oQuA3w==
  dependencies:
    cssesc "^3.0.0"
    util-deprecate "^1.0.2"

postcss@^8.5.6:
  version "8.5.6"
  resolved "https://registry.npmjs.org/postcss/-/postcss-8.5.6.tgz"
  integrity sha512-3Ybi1tAuwAP9s0r1UQ2J4n5Y0G05bJkpUIO0/bI9MhwmD70S5aTWbXGBwxHrelT+XM1k6dM0pk+SwNkpTRN7Pg==
  dependencies:
    nanoid "^3.3.11"
    picocolors "^1.1.1"
    source-map-js "^1.2.1"

preact@~10.12.1:
  version "10.12.1"
  resolved "https://registry.npmjs.org/preact/-/preact-10.12.1.tgz"
  integrity sha512-l8386ixSsBdbreOAkqtrwqHwdvR35ID8c3rKPa8lCWuO86dBi32QWHV4vfsZK1utLLFMvw+Z5Ad4XLkZzchscg==

preline@^3.2.3:
  version "3.2.3"
  resolved "https://registry.npmjs.org/preline/-/preline-3.2.3.tgz"
  integrity sha512-S13MFdC/1FWFz3S+oW1PlyZ6Alo0SZxJ9HwaZRg5IQZjcbKqCFIOXAbAhQeX0izauqWJXIQdKofhfCWBizwleQ==
  dependencies:
    "@floating-ui/dom" "^1.6.13"
    apexcharts "^4.5.0"
    datatables.net-dt "^2.2.2"
    dropzone "^6.0.0-beta.2"
    nouislider "^15.8.1"
    vanilla-calendar-pro "^3.0.4"

process@^0.11.1:
  version "0.11.10"
  resolved "https://registry.npmjs.org/process/-/process-0.11.10.tgz"
  integrity sha512-cdGef/drWFoydD1JsMzuFf8100nZl+GT+yacc2bEced5f9Rjk4z+WtFUTBu9PhOi9j/jfmBPu0mMEY4wIdAF8A==

quansync@^0.2.11:
  version "0.2.11"
  resolved "https://registry.npmjs.org/quansync/-/quansync-0.2.11.tgz"
  integrity sha512-AifT7QEbW9Nri4tAwR5M/uzpBuqfZf+zwaEM/QkzEjj7NBuFD2rBuy0K3dE+8wltbezDV7JMA0WfnCPYRSYbXA==

queue-microtask@^1.2.2:
  version "1.2.3"
  resolved "https://registry.npmjs.org/queue-microtask/-/queue-microtask-1.2.3.tgz"
  integrity sha512-NuaNSa6flKT5JaSYQzJok04JzTL1CA6aGhv5rfLW3PgqA+M2ChpZQnAC8h8i4ZFkBS8X5RqkDBHA7r4hej3K9A==

reusify@^1.0.4:
  version "1.1.0"
  resolved "https://registry.npmjs.org/reusify/-/reusify-1.1.0.tgz"
  integrity sha512-g6QUff04oZpHs0eG5p83rFLhHeV00ug/Yf9nZM6fLeUrPguBTkTQOdpAWWspMh55TZfVQDPaN3NQJfbVRAxdIw==

rollup@^4.43.0:
  version "4.52.3"
  resolved "https://registry.npmjs.org/rollup/-/rollup-4.52.3.tgz"
  integrity sha512-RIDh866U8agLgiIcdpB+COKnlCreHJLfIhWC3LVflku5YHfpnsIKigRZeFfMfCc4dVcqNVfQQ5gO/afOck064A==
  dependencies:
    "@types/estree" "1.0.8"
  optionalDependencies:
    "@rollup/rollup-android-arm-eabi" "4.52.3"
    "@rollup/rollup-android-arm64" "4.52.3"
    "@rollup/rollup-darwin-arm64" "4.52.3"
    "@rollup/rollup-darwin-x64" "4.52.3"
    "@rollup/rollup-freebsd-arm64" "4.52.3"
    "@rollup/rollup-freebsd-x64" "4.52.3"
    "@rollup/rollup-linux-arm-gnueabihf" "4.52.3"
    "@rollup/rollup-linux-arm-musleabihf" "4.52.3"
    "@rollup/rollup-linux-arm64-gnu" "4.52.3"
    "@rollup/rollup-linux-arm64-musl" "4.52.3"
    "@rollup/rollup-linux-loong64-gnu" "4.52.3"
    "@rollup/rollup-linux-ppc64-gnu" "4.52.3"
    "@rollup/rollup-linux-riscv64-gnu" "4.52.3"
    "@rollup/rollup-linux-riscv64-musl" "4.52.3"
    "@rollup/rollup-linux-s390x-gnu" "4.52.3"
    "@rollup/rollup-linux-x64-gnu" "4.52.3"
    "@rollup/rollup-linux-x64-musl" "4.52.3"
    "@rollup/rollup-openharmony-arm64" "4.52.3"
    "@rollup/rollup-win32-arm64-msvc" "4.52.3"
    "@rollup/rollup-win32-ia32-msvc" "4.52.3"
    "@rollup/rollup-win32-x64-gnu" "4.52.3"
    "@rollup/rollup-win32-x64-msvc" "4.52.3"
    fsevents "~2.3.2"

run-parallel@^1.1.9:
  version "1.2.0"
  resolved "https://registry.npmjs.org/run-parallel/-/run-parallel-1.2.0.tgz"
  integrity sha512-5l4VyZR86LZ/lDxZTR6jqL8AFE2S0IFLMP26AbjsLVADxHdhB/c0GUsH+y39UfCi3dzz8OlQuPmnaJOMoDHQBA==
  dependencies:
    queue-microtask "^1.2.2"

shebang-command@^2.0.0:
  version "2.0.0"
  resolved "https://registry.npmjs.org/shebang-command/-/shebang-command-2.0.0.tgz"
  integrity sha512-kHxr2zZpYtdmrN1qDjrrX/Z1rR1kG8Dx+gkpK1G4eXmvXswmcE1hTWBWYUzlraYw1/yZp6YuDY77YtvbN0dmDA==
  dependencies:
    shebang-regex "^3.0.0"

shebang-regex@^3.0.0:
  version "3.0.0"
  resolved "https://registry.npmjs.org/shebang-regex/-/shebang-regex-3.0.0.tgz"
  integrity sha512-7++dFhtcx3353uBaq8DDR4NuxBetBzC7ZQOhmTQInHEd6bSrXdiEyzCvG07Z44UYdLShWUyXt5M/yhz8ekcb1A==

signal-exit@^4.0.1:
  version "4.1.0"
  resolved "https://registry.npmjs.org/signal-exit/-/signal-exit-4.1.0.tgz"
  integrity sha512-bzyZ1e88w9O1iNJbKnOlvYTrWPDl46O1bG0D3XInv+9tkPrxrN8jUUTiFlDkkmKWgn1M6CfIA13SuGqOa9Korw==

simplebar-core@^1.3.2:
  version "1.3.2"
  resolved "https://registry.npmjs.org/simplebar-core/-/simplebar-core-1.3.2.tgz"
  integrity sha512-qKgTTuTqapjsFGkNhCjyPhysnbZGpQqNmjk0nOYjFN5ordC/Wjvg+RbYCyMSnW60l/Z0ZS82GbNltly6PMUH1w==
  dependencies:
    lodash "^4.17.21"
    lodash-es "^4.17.21"

simplebar@^6.3.0:
  version "6.3.2"
  resolved "https://registry.npmjs.org/simplebar/-/simplebar-6.3.2.tgz"
  integrity sha512-l4P1Oma0nply0g+pkrkwfC1SF5WDnIHrgiQDXSDzIdjngUDLkPgZcPGKrOvuFeXoSensfKijjIjDlUJSEp+mLQ==
  dependencies:
    simplebar-core "^1.3.2"

sirv@^3.0.1:
  version "3.0.2"
  resolved "https://registry.npmjs.org/sirv/-/sirv-3.0.2.tgz"
  integrity sha512-2wcC/oGxHis/BoHkkPwldgiPSYcpZK3JU28WoMVv55yHJgcZ8rlXvuG9iZggz+sU1d4bRgIGASwyWqjxu3FM0g==
  dependencies:
    "@polka/url" "^1.0.0-next.24"
    mrmime "^2.0.0"
    totalist "^3.0.0"

source-map-js@^1.2.1:
  version "1.2.1"
  resolved "https://registry.npmjs.org/source-map-js/-/source-map-js-1.2.1.tgz"
  integrity sha512-UXWMKhLOwVKb728IUtQPXxfYU+usdybtUrK/8uGE8CQMvrhOpwvzDBwj0QhSL7MQc7vIsISBG8VQ8+IDQxpfQA==

"string-width-cjs@npm:string-width@^4.2.0":
  version "4.2.3"
  resolved "https://registry.npmjs.org/string-width/-/string-width-4.2.3.tgz"
  integrity sha512-wKyQRQpjJ0sIp62ErSZdGsjMJWsap5oRNihHhu6G7JVO/9jIB6UyevL+tXuOqrng8j/cxKTWyWUwvSTriiZz/g==
  dependencies:
    emoji-regex "^8.0.0"
    is-fullwidth-code-point "^3.0.0"
    strip-ansi "^6.0.1"

string-width@^4.1.0:
  version "4.2.3"
  resolved "https://registry.npmjs.org/string-width/-/string-width-4.2.3.tgz"
  integrity sha512-wKyQRQpjJ0sIp62ErSZdGsjMJWsap5oRNihHhu6G7JVO/9jIB6UyevL+tXuOqrng8j/cxKTWyWUwvSTriiZz/g==
  dependencies:
    emoji-regex "^8.0.0"
    is-fullwidth-code-point "^3.0.0"
    strip-ansi "^6.0.1"

string-width@^5.0.1, string-width@^5.1.2:
  version "5.1.2"
  resolved "https://registry.npmjs.org/string-width/-/string-width-5.1.2.tgz"
  integrity sha512-HnLOCR3vjcY8beoNLtcjZ5/nxn2afmME6lhrDrebokqMap+XbeW8n9TXpPDOqdGK5qcI3oT0GKTW6wC7EMiVqA==
  dependencies:
    eastasianwidth "^0.2.0"
    emoji-regex "^9.2.2"
    strip-ansi "^7.0.1"

"strip-ansi-cjs@npm:strip-ansi@^6.0.1":
  version "6.0.1"
  resolved "https://registry.npmjs.org/strip-ansi/-/strip-ansi-6.0.1.tgz"
  integrity sha512-Y38VPSHcqkFrCpFnQ9vuSXmquuv5oXOKpGeT6aGrr3o3Gc9AlVa6JBfUSOCnbxGGZF+/0ooI7KrPuUSztUdU5A==
  dependencies:
    ansi-regex "^5.0.1"

strip-ansi@^6.0.0, strip-ansi@^6.0.1:
  version "6.0.1"
  resolved "https://registry.npmjs.org/strip-ansi/-/strip-ansi-6.0.1.tgz"
  integrity sha512-Y38VPSHcqkFrCpFnQ9vuSXmquuv5oXOKpGeT6aGrr3o3Gc9AlVa6JBfUSOCnbxGGZF+/0ooI7KrPuUSztUdU5A==
  dependencies:
    ansi-regex "^5.0.1"

strip-ansi@^7.0.1:
  version "7.1.2"
  resolved "https://registry.npmjs.org/strip-ansi/-/strip-ansi-7.1.2.tgz"
  integrity sha512-gmBGslpoQJtgnMAvOVqGZpEz9dyoKTCzy2nfz/n8aIFhN/jCE/rCmcxabB6jOOHV+0WNnylOxaxBQPSvcWklhA==
  dependencies:
    ansi-regex "^6.0.1"

swiper@^11.0.3:
  version "11.2.10"
  resolved "https://registry.npmjs.org/swiper/-/swiper-11.2.10.tgz"
  integrity sha512-RMeVUUjTQH+6N3ckimK93oxz6Sn5la4aDlgPzB+rBrG/smPdCTicXyhxa+woIpopz+jewEloiEE3lKo1h9w2YQ==

tailwindcss@^4.1.13, "tailwindcss@>= 4", "tailwindcss@>=3.0.0 || >= 3.0.0-alpha.1 || >= 4.0.0-alpha.20 || >= 4.0.0-beta.1", "tailwindcss@>=3.0.0 || insiders || >=4.0.0-alpha.20 || >=4.0.0-beta.1", tailwindcss@4.1.13:
  version "4.1.13"
  resolved "https://registry.npmjs.org/tailwindcss/-/tailwindcss-4.1.13.tgz"
  integrity sha512-i+zidfmTqtwquj4hMEwdjshYYgMbOrPzb9a0M3ZgNa0JMoZeFC6bxZvO8yr8ozS6ix2SDz0+mvryPeBs2TFE+w==

tapable@^2.2.0:
  version "2.2.3"
  resolved "https://registry.npmjs.org/tapable/-/tapable-2.2.3.tgz"
  integrity sha512-ZL6DDuAlRlLGghwcfmSn9sK3Hr6ArtyudlSAiCqQ6IfE+b+HHbydbYDIG15IfS5do+7XQQBdBiubF/cV2dnDzg==

tar@^7.4.3:
  version "7.5.1"
  resolved "https://registry.npmjs.org/tar/-/tar-7.5.1.tgz"
  integrity sha512-nlGpxf+hv0v7GkWBK2V9spgactGOp0qvfWRxUMjqHyzrt3SgwE48DIv/FhqPHJYLHpgW1opq3nERbz5Anq7n1g==
  dependencies:
    "@isaacs/fs-minipass" "^4.0.0"
    chownr "^3.0.0"
    minipass "^7.1.2"
    minizlib "^3.1.0"
    yallist "^5.0.0"

tinyexec@^1.0.1:
  version "1.0.1"
  resolved "https://registry.npmjs.org/tinyexec/-/tinyexec-1.0.1.tgz"
  integrity sha512-5uC6DDlmeqiOwCPmK9jMSdOuZTh8bU39Ys6yidB+UTt5hfZUPGAypSgFRiEp+jbi9qH40BLDvy85jIU88wKSqw==

tinyglobby@^0.2.15:
  version "0.2.15"
  resolved "https://registry.npmjs.org/tinyglobby/-/tinyglobby-0.2.15.tgz"
  integrity sha512-j2Zq4NyQYG5XMST4cbs02Ak8iJUdxRM0XI5QyxXuZOzKOINmWurp3smXu3y5wDcJrptwpSjgXHzIQxR0omXljQ==
  dependencies:
    fdir "^6.5.0"
    picomatch "^4.0.3"

to-regex-range@^5.0.1:
  version "5.0.1"
  resolved "https://registry.npmjs.org/to-regex-range/-/to-regex-range-5.0.1.tgz"
  integrity sha512-65P7iz6X5yEr1cwcgvQxbbIw7Uk3gOy5dIdtZ4rDveLqhrdJP+Li/Hx6tyK0NEb+2GCyneCMJiGqrADCSNk8sQ==
  dependencies:
    is-number "^7.0.0"

totalist@^3.0.0:
  version "3.0.1"
  resolved "https://registry.npmjs.org/totalist/-/totalist-3.0.1.tgz"
  integrity sha512-sf4i37nQ2LBx4m3wB74y+ubopq6W/dIzXg0FDGjsYnZHVa1Da8FH853wlL2gtUhg+xJXjfk3kUZS3BRoQeoQBQ==

ufo@^1.6.1:
  version "1.6.1"
  resolved "https://registry.npmjs.org/ufo/-/ufo-1.6.1.tgz"
  integrity sha512-9a4/uxlTWJ4+a5i0ooc1rU7C7YOw3wT+UGqdeNNHWnOF9qcMBgLRS+4IYUqbczewFx4mLEig6gawh7X6mFlEkA==

util-deprecate@^1.0.2:
  version "1.0.2"
  resolved "https://registry.npmjs.org/util-deprecate/-/util-deprecate-1.0.2.tgz"
  integrity sha512-EPD5q1uXyFxJpCrLnCc1nHnq3gOa6DZBocAIiI2TaSCA7VCJ1UJDMagCzIkXNsUYfD1daK//LTEQ8xiIbrHtcw==

util@^0.10.3:
  version "0.10.4"
  resolved "https://registry.npmjs.org/util/-/util-0.10.4.tgz"
  integrity sha512-0Pm9hTQ3se5ll1XihRic3FDIku70C+iHUdT/W926rSgHV5QgXsYbKZN8MSC3tJtSkhuROzvsQjAaFENRXr+19A==
  dependencies:
    inherits "2.0.3"

vanilla-calendar-pro@^3.0.4:
  version "3.0.5"
  resolved "https://registry.npmjs.org/vanilla-calendar-pro/-/vanilla-calendar-pro-3.0.5.tgz"
  integrity sha512-4X9bmTo1/KzbZrB7B6mZXtvVXIhcKxaVSnFZuaVtps7tshKJDxgaIElkgdia6IjB5qWetWuu7kZ+ZaV1sPxy6w==

vite-plugin-symfony@^8.2.2:
  version "8.2.2"
  resolved "https://registry.npmjs.org/vite-plugin-symfony/-/vite-plugin-symfony-8.2.2.tgz"
  integrity sha512-oYzfcOiPtHoLbLCshM5qWFVNOypIljOdfP2zDerEzWUgjgvn4tBF0JqvEIbkal0eorJHaZw1Q0zr8YAZC+s3gw==
  dependencies:
    debug "^4.4.1"
    fast-glob "^3.3.3"
    picocolors "^1.1.1"
    sirv "^3.0.1"

"vite@^3.0.0 || ^4.0.0 || ^5.0.0 || ^6.0.0 || ^7.0.0", "vite@^5.2.0 || ^6 || ^7", vite@^7.1.3:
  version "7.1.7"
  resolved "https://registry.npmjs.org/vite/-/vite-7.1.7.tgz"
  integrity sha512-VbA8ScMvAISJNJVbRDTJdCwqQoAareR/wutevKanhR2/1EkoXVZVkkORaYm/tNVCjP/UDTKtcw3bAkwOUdedmA==
  dependencies:
    esbuild "^0.25.0"
    fdir "^6.5.0"
    picomatch "^4.0.3"
    postcss "^8.5.6"
    rollup "^4.43.0"
    tinyglobby "^0.2.15"
  optionalDependencies:
    fsevents "~2.3.3"

which@^2.0.1:
  version "2.0.2"
  resolved "https://registry.npmjs.org/which/-/which-2.0.2.tgz"
  integrity sha512-BLI3Tl1TW3Pvl70l3yq3Y64i+awpwXqsGBYWkkqMtnbXgrMD+yj7rhW0kuEDxzJaYXGjEW5ogapKNMEKNMjibA==
  dependencies:
    isexe "^2.0.0"

"wrap-ansi-cjs@npm:wrap-ansi@^7.0.0":
  version "7.0.0"
  resolved "https://registry.npmjs.org/wrap-ansi/-/wrap-ansi-7.0.0.tgz"
  integrity sha512-YVGIj2kamLSTxw6NsZjoBxfSwsn0ycdesmc4p+Q21c5zPuZ1pl+NfxVdxPtdHvmNVOQ6XSYG4AUtyt/Fi7D16Q==
  dependencies:
    ansi-styles "^4.0.0"
    string-width "^4.1.0"
    strip-ansi "^6.0.0"

wrap-ansi@^8.1.0:
  version "8.1.0"
  resolved "https://registry.npmjs.org/wrap-ansi/-/wrap-ansi-8.1.0.tgz"
  integrity sha512-si7QWI6zUMq56bESFvagtmzMdGOtoxfR+Sez11Mobfc7tm+VkUckk9bW2UeffTGVUbOksxmSw0AA2gs8g71NCQ==
  dependencies:
    ansi-styles "^6.1.0"
    string-width "^5.0.1"
    strip-ansi "^7.0.1"

yallist@^5.0.0:
  version "5.0.0"
  resolved "https://registry.npmjs.org/yallist/-/yallist-5.0.0.tgz"
  integrity sha512-YgvUTfwqyc7UXVMrB+SImsVYSmTS8X/tSrtdNZMImM+n7+QTriRXyXim0mBrTXNeqzVF0KWGgHPeiyViFFrNDw==
