{
  "lockfileVersion": 1,
  "workspaces": {
    "": {
      "name": "tailwick",
      "dependencies": {
        "@fullcalendar/core": "^6.1.17",
        "@fullcalendar/daygrid": "^6.1.17",
        "@fullcalendar/list": "^6.1.17",
        "@fullcalendar/timegrid": "^6.1.17",
        "@iconify/json": "^2.2.384",
        "@iconify/tailwind4": "^1.0.6",
        "@tailwindcss/forms": "^0.5.10",
        "@tailwindcss/typography": "^0.5.16",
        "apexcharts": "^4.6.0",
        "dropzone": "^6.0.0-beta.2",
        "flatpickr": "^4.6.13",
        "fullcalendar": "^6.1.17",
        "lucide": "^0.544.0",
        "preline": "^3.2.3",
        "simplebar": "^6.3.0",
        "swiper": "^11.0.3",
        "tailwindcss": "^4.1.13",
      },
      "devDependencies": {
        "@types/node": "^24.2.1",
        "glob": "^11.0.2",
        "path": "^0.12.7",
        "vite": "^5.4.19",
        "vite-plugin-ruby": "^5.1.1",
      },
    },
  },
  "packages": {
    "@antfu/install-pkg": ["@antfu/install-pkg@1.1.0", "", { "dependencies": { "package-manager-detector": "^1.3.0", "tinyexec": "^1.0.1" } }, ""],

    "@antfu/utils": ["@antfu/utils@8.1.1", "", {}, ""],

    "@esbuild/linux-x64": ["@esbuild/linux-x64@0.21.5", "", { "os": "linux", "cpu": "x64" }, ""],

    "@floating-ui/core": ["@floating-ui/core@1.7.3", "", { "dependencies": { "@floating-ui/utils": "^0.2.10" } }, ""],

    "@floating-ui/dom": ["@floating-ui/dom@1.7.4", "", { "dependencies": { "@floating-ui/core": "^1.7.3", "@floating-ui/utils": "^0.2.10" } }, ""],

    "@floating-ui/utils": ["@floating-ui/utils@0.2.10", "", {}, ""],

    "@fullcalendar/core": ["@fullcalendar/core@6.1.19", "", { "dependencies": { "preact": "~10.12.1" } }, ""],

    "@fullcalendar/daygrid": ["@fullcalendar/daygrid@6.1.19", "", { "peerDependencies": { "@fullcalendar/core": "~6.1.19" } }, ""],

    "@fullcalendar/interaction": ["@fullcalendar/interaction@6.1.19", "", { "peerDependencies": { "@fullcalendar/core": "~6.1.19" } }, ""],

    "@fullcalendar/list": ["@fullcalendar/list@6.1.19", "", { "peerDependencies": { "@fullcalendar/core": "~6.1.19" } }, ""],

    "@fullcalendar/multimonth": ["@fullcalendar/multimonth@6.1.19", "", { "dependencies": { "@fullcalendar/daygrid": "~6.1.19" }, "peerDependencies": { "@fullcalendar/core": "~6.1.19" } }, ""],

    "@fullcalendar/timegrid": ["@fullcalendar/timegrid@6.1.19", "", { "dependencies": { "@fullcalendar/daygrid": "~6.1.19" }, "peerDependencies": { "@fullcalendar/core": "~6.1.19" } }, ""],

    "@iconify/json": ["@iconify/json@2.2.385", "", { "dependencies": { "@iconify/types": "*", "pathe": "^1.1.2" } }, ""],

    "@iconify/tailwind4": ["@iconify/tailwind4@1.0.6", "", { "dependencies": { "@iconify/types": "^2.0.0", "@iconify/utils": "^2.2.1" }, "peerDependencies": { "tailwindcss": ">= 4" } }, ""],

    "@iconify/types": ["@iconify/types@2.0.0", "", {}, ""],

    "@iconify/utils": ["@iconify/utils@2.3.0", "", { "dependencies": { "@antfu/install-pkg": "^1.0.0", "@antfu/utils": "^8.1.0", "@iconify/types": "^2.0.0", "debug": "^4.4.0", "globals": "^15.14.0", "kolorist": "^1.8.0", "local-pkg": "^1.0.0", "mlly": "^1.7.4" } }, ""],

    "@isaacs/balanced-match": ["@isaacs/balanced-match@4.0.1", "", {}, ""],

    "@isaacs/brace-expansion": ["@isaacs/brace-expansion@5.0.0", "", { "dependencies": { "@isaacs/balanced-match": "^4.0.1" } }, ""],

    "@isaacs/cliui": ["@isaacs/cliui@8.0.2", "", { "dependencies": { "string-width": "^5.1.2", "string-width-cjs": "npm:string-width@^4.2.0", "strip-ansi": "^7.0.1", "strip-ansi-cjs": "npm:strip-ansi@^6.0.1", "wrap-ansi": "^8.1.0", "wrap-ansi-cjs": "npm:wrap-ansi@^7.0.0" } }, ""],

    "@nodelib/fs.scandir": ["@nodelib/fs.scandir@2.1.5", "", { "dependencies": { "@nodelib/fs.stat": "2.0.5", "run-parallel": "^1.1.9" } }, ""],

    "@nodelib/fs.stat": ["@nodelib/fs.stat@2.0.5", "", {}, ""],

    "@nodelib/fs.walk": ["@nodelib/fs.walk@1.2.8", "", { "dependencies": { "@nodelib/fs.scandir": "2.1.5", "fastq": "^1.6.0" } }, ""],

    "@rollup/rollup-linux-x64-gnu": ["@rollup/rollup-linux-x64-gnu@4.50.2", "", { "os": "linux", "cpu": "x64" }, ""],

    "@rollup/rollup-linux-x64-musl": ["@rollup/rollup-linux-x64-musl@4.50.2", "", { "os": "linux", "cpu": "x64" }, ""],

    "@svgdotjs/svg.draggable.js": ["@svgdotjs/svg.draggable.js@3.0.6", "", { "peerDependencies": { "@svgdotjs/svg.js": "^3.2.4" } }, ""],

    "@svgdotjs/svg.filter.js": ["@svgdotjs/svg.filter.js@3.0.9", "", { "dependencies": { "@svgdotjs/svg.js": "^3.2.4" } }, ""],

    "@svgdotjs/svg.js": ["@svgdotjs/svg.js@3.2.5", "", {}, ""],

    "@svgdotjs/svg.resize.js": ["@svgdotjs/svg.resize.js@2.0.5", "", { "peerDependencies": { "@svgdotjs/svg.js": "^3.2.4", "@svgdotjs/svg.select.js": "^4.0.1" } }, ""],

    "@svgdotjs/svg.select.js": ["@svgdotjs/svg.select.js@4.0.3", "", { "peerDependencies": { "@svgdotjs/svg.js": "^3.2.4" } }, ""],

    "@swc/helpers": ["@swc/helpers@0.2.14", "", {}, ""],

    "@tailwindcss/forms": ["@tailwindcss/forms@0.5.10", "", { "dependencies": { "mini-svg-data-uri": "^1.2.3" }, "peerDependencies": { "tailwindcss": ">=3.0.0 || >= 3.0.0-alpha.1 || >= 4.0.0-alpha.20 || >= 4.0.0-beta.1" } }, ""],

    "@tailwindcss/typography": ["@tailwindcss/typography@0.5.16", "", { "dependencies": { "lodash.castarray": "^4.4.0", "lodash.isplainobject": "^4.0.6", "lodash.merge": "^4.6.2", "postcss-selector-parser": "6.0.10" }, "peerDependencies": { "tailwindcss": ">=3.0.0 || insiders || >=4.0.0-alpha.20 || >=4.0.0-beta.1" } }, ""],

    "@types/estree": ["@types/estree@1.0.8", "", {}, ""],

    "@types/node": ["@types/node@24.5.2", "", { "dependencies": { "undici-types": "~7.12.0" } }, ""],

    "@yr/monotone-cubic-spline": ["@yr/monotone-cubic-spline@1.0.3", "", {}, ""],

    "acorn": ["acorn@8.15.0", "", { "bin": "bin/acorn" }, ""],

    "ansi-regex": ["ansi-regex@6.2.2", "", {}, ""],

    "ansi-styles": ["ansi-styles@6.2.3", "", {}, ""],

    "anymatch": ["anymatch@3.1.3", "", { "dependencies": { "normalize-path": "^3.0.0", "picomatch": "^2.0.4" } }, ""],

    "apexcharts": ["apexcharts@4.7.0", "", { "dependencies": { "@svgdotjs/svg.draggable.js": "^3.0.4", "@svgdotjs/svg.filter.js": "^3.0.8", "@svgdotjs/svg.js": "^3.2.4", "@svgdotjs/svg.resize.js": "^2.0.2", "@svgdotjs/svg.select.js": "^4.0.1", "@yr/monotone-cubic-spline": "^1.0.3" } }, ""],

    "binary-extensions": ["binary-extensions@2.3.0", "", {}, ""],

    "braces": ["braces@3.0.3", "", { "dependencies": { "fill-range": "^7.1.1" } }, ""],

    "chokidar": ["chokidar@3.6.0", "", { "dependencies": { "anymatch": "~3.1.2", "braces": "~3.0.2", "glob-parent": "~5.1.2", "is-binary-path": "~2.1.0", "is-glob": "~4.0.1", "normalize-path": "~3.0.0", "readdirp": "~3.6.0" } }, ""],

    "color-convert": ["color-convert@2.0.1", "", { "dependencies": { "color-name": "~1.1.4" } }, ""],

    "color-name": ["color-name@1.1.4", "", {}, ""],

    "confbox": ["confbox@0.2.2", "", {}, ""],

    "cross-spawn": ["cross-spawn@7.0.6", "", { "dependencies": { "path-key": "^3.1.0", "shebang-command": "^2.0.0", "which": "^2.0.1" } }, ""],

    "cssesc": ["cssesc@3.0.0", "", { "bin": "bin/cssesc" }, ""],

    "datatables.net": ["datatables.net@2.3.4", "", { "dependencies": { "jquery": ">=1.7" } }, ""],

    "datatables.net-dt": ["datatables.net-dt@2.3.4", "", { "dependencies": { "datatables.net": "2.3.4", "jquery": ">=1.7" } }, ""],

    "debug": ["debug@4.4.3", "", { "dependencies": { "ms": "^2.1.3" } }, ""],

    "detect-libc": ["detect-libc@2.1.0", "", {}, ""],

    "dropzone": ["dropzone@6.0.0-beta.2", "", { "dependencies": { "@swc/helpers": "^0.2.13", "just-extend": "^5.0.0" } }, ""],

    "eastasianwidth": ["eastasianwidth@0.2.0", "", {}, ""],

    "emoji-regex": ["emoji-regex@9.2.2", "", {}, ""],

    "esbuild": ["esbuild@0.21.5", "", { "optionalDependencies": { "@esbuild/linux-x64": "0.21.5" }, "bin": "bin/esbuild" }, ""],

    "exsolve": ["exsolve@1.0.7", "", {}, ""],

    "fast-glob": ["fast-glob@3.3.3", "", { "dependencies": { "@nodelib/fs.stat": "^2.0.2", "@nodelib/fs.walk": "^1.2.3", "glob-parent": "^5.1.2", "merge2": "^1.3.0", "micromatch": "^4.0.8" } }, ""],

    "fastq": ["fastq@1.19.1", "", { "dependencies": { "reusify": "^1.0.4" } }, ""],

    "fill-range": ["fill-range@7.1.1", "", { "dependencies": { "to-regex-range": "^5.0.1" } }, ""],

    "flatpickr": ["flatpickr@4.6.13", "", {}, ""],

    "foreground-child": ["foreground-child@3.3.1", "", { "dependencies": { "cross-spawn": "^7.0.6", "signal-exit": "^4.0.1" } }, ""],

    "fullcalendar": ["fullcalendar@6.1.19", "", { "dependencies": { "@fullcalendar/core": "~6.1.19", "@fullcalendar/daygrid": "~6.1.19", "@fullcalendar/interaction": "~6.1.19", "@fullcalendar/list": "~6.1.19", "@fullcalendar/multimonth": "~6.1.19", "@fullcalendar/timegrid": "~6.1.19" } }, ""],

    "glob": ["glob@11.0.3", "", { "dependencies": { "foreground-child": "^3.3.1", "jackspeak": "^4.1.1", "minimatch": "^10.0.3", "minipass": "^7.1.2", "package-json-from-dist": "^1.0.0", "path-scurry": "^2.0.0" }, "bin": "dist/esm/bin.mjs" }, ""],

    "glob-parent": ["glob-parent@5.1.2", "", { "dependencies": { "is-glob": "^4.0.1" } }, ""],

    "globals": ["globals@15.15.0", "", {}, ""],

    "immutable": ["immutable@4.3.7", "", {}, ""],

    "inherits": ["inherits@2.0.3", "", {}, ""],

    "is-binary-path": ["is-binary-path@2.1.0", "", { "dependencies": { "binary-extensions": "^2.0.0" } }, ""],

    "is-extglob": ["is-extglob@2.1.1", "", {}, ""],

    "is-fullwidth-code-point": ["is-fullwidth-code-point@3.0.0", "", {}, ""],

    "is-glob": ["is-glob@4.0.3", "", { "dependencies": { "is-extglob": "^2.1.1" } }, ""],

    "is-number": ["is-number@7.0.0", "", {}, ""],

    "isexe": ["isexe@2.0.0", "", {}, ""],

    "jackspeak": ["jackspeak@4.1.1", "", { "dependencies": { "@isaacs/cliui": "^8.0.2" } }, ""],

    "jquery": ["jquery@3.7.1", "", {}, ""],

    "just-extend": ["just-extend@5.1.1", "", {}, ""],

    "kolorist": ["kolorist@1.8.0", "", {}, ""],

    "lightningcss": ["lightningcss@1.30.1", "", { "dependencies": { "detect-libc": "^2.0.3" }, "optionalDependencies": { "lightningcss-linux-x64-gnu": "1.30.1", "lightningcss-linux-x64-musl": "1.30.1" } }, ""],

    "lightningcss-linux-x64-gnu": ["lightningcss-linux-x64-gnu@1.30.1", "", { "os": "linux", "cpu": "x64" }, ""],

    "lightningcss-linux-x64-musl": ["lightningcss-linux-x64-musl@1.30.1", "", { "os": "linux", "cpu": "x64" }, ""],

    "local-pkg": ["local-pkg@1.1.2", "", { "dependencies": { "mlly": "^1.7.4", "pkg-types": "^2.3.0", "quansync": "^0.2.11" } }, ""],

    "lodash": ["lodash@4.17.21", "", {}, ""],

    "lodash-es": ["lodash-es@4.17.21", "", {}, ""],

    "lodash.castarray": ["lodash.castarray@4.4.0", "", {}, ""],

    "lodash.isplainobject": ["lodash.isplainobject@4.0.6", "", {}, ""],

    "lodash.merge": ["lodash.merge@4.6.2", "", {}, ""],

    "lru-cache": ["lru-cache@11.2.1", "", {}, ""],

    "lucide": ["lucide@0.544.0", "", {}, ""],

    "merge2": ["merge2@1.4.1", "", {}, ""],

    "micromatch": ["micromatch@4.0.8", "", { "dependencies": { "braces": "^3.0.3", "picomatch": "^2.3.1" } }, ""],

    "mini-svg-data-uri": ["mini-svg-data-uri@1.4.4", "", { "bin": "cli.js" }, ""],

    "minimatch": ["minimatch@10.0.3", "", { "dependencies": { "@isaacs/brace-expansion": "^5.0.0" } }, ""],

    "minipass": ["minipass@7.1.2", "", {}, ""],

    "mlly": ["mlly@1.8.0", "", { "dependencies": { "acorn": "^8.15.0", "pathe": "^2.0.3", "pkg-types": "^1.3.1", "ufo": "^1.6.1" } }, ""],

    "ms": ["ms@2.1.3", "", {}, ""],

    "nanoid": ["nanoid@3.3.11", "", { "bin": "bin/nanoid.cjs" }, ""],

    "normalize-path": ["normalize-path@3.0.0", "", {}, ""],

    "nouislider": ["nouislider@15.8.1", "", {}, ""],

    "package-json-from-dist": ["package-json-from-dist@1.0.1", "", {}, ""],

    "package-manager-detector": ["package-manager-detector@1.3.0", "", {}, ""],

    "path": ["path@0.12.7", "", { "dependencies": { "process": "^0.11.1", "util": "^0.10.3" } }, ""],

    "path-key": ["path-key@3.1.1", "", {}, ""],

    "path-scurry": ["path-scurry@2.0.0", "", { "dependencies": { "lru-cache": "^11.0.0", "minipass": "^7.1.2" } }, ""],

    "pathe": ["pathe@1.1.2", "", {}, ""],

    "picocolors": ["picocolors@1.1.1", "", {}, ""],

    "picomatch": ["picomatch@2.3.1", "", {}, ""],

    "pkg-types": ["pkg-types@2.3.0", "", { "dependencies": { "confbox": "^0.2.2", "exsolve": "^1.0.7", "pathe": "^2.0.3" } }, ""],

    "postcss": ["postcss@8.5.6", "", { "dependencies": { "nanoid": "^3.3.11", "picocolors": "^1.1.1", "source-map-js": "^1.2.1" } }, ""],

    "postcss-selector-parser": ["postcss-selector-parser@6.0.10", "", { "dependencies": { "cssesc": "^3.0.0", "util-deprecate": "^1.0.2" } }, ""],

    "preact": ["preact@10.12.1", "", {}, ""],

    "preline": ["preline@3.2.3", "", { "dependencies": { "@floating-ui/dom": "^1.6.13", "apexcharts": "^4.5.0", "datatables.net-dt": "^2.2.2", "dropzone": "^6.0.0-beta.2", "nouislider": "^15.8.1", "vanilla-calendar-pro": "^3.0.4" } }, ""],

    "process": ["process@0.11.10", "", {}, ""],

    "quansync": ["quansync@0.2.11", "", {}, ""],

    "queue-microtask": ["queue-microtask@1.2.3", "", {}, ""],

    "readdirp": ["readdirp@3.6.0", "", { "dependencies": { "picomatch": "^2.2.1" } }, ""],

    "reusify": ["reusify@1.1.0", "", {}, ""],

    "rollup": ["rollup@4.50.2", "", { "dependencies": { "@types/estree": "1.0.8" }, "optionalDependencies": { "@rollup/rollup-linux-x64-gnu": "4.50.2", "@rollup/rollup-linux-x64-musl": "4.50.2" }, "bin": "dist/bin/rollup" }, ""],

    "run-parallel": ["run-parallel@1.2.0", "", { "dependencies": { "queue-microtask": "^1.2.2" } }, ""],

    "sass": ["sass@1.77.6", "", { "dependencies": { "chokidar": ">=3.0.0 <4.0.0", "immutable": "^4.0.0", "source-map-js": ">=0.6.2 <2.0.0" }, "bin": "sass.js" }, ""],

    "shebang-command": ["shebang-command@2.0.0", "", { "dependencies": { "shebang-regex": "^3.0.0" } }, ""],

    "shebang-regex": ["shebang-regex@3.0.0", "", {}, ""],

    "signal-exit": ["signal-exit@4.1.0", "", {}, ""],

    "simplebar": ["simplebar@6.3.2", "", { "dependencies": { "simplebar-core": "^1.3.2" } }, ""],

    "simplebar-core": ["simplebar-core@1.3.2", "", { "dependencies": { "lodash": "^4.17.21", "lodash-es": "^4.17.21" } }, ""],

    "source-map-js": ["source-map-js@1.2.1", "", {}, ""],

    "string-width": ["string-width@5.1.2", "", { "dependencies": { "eastasianwidth": "^0.2.0", "emoji-regex": "^9.2.2", "strip-ansi": "^7.0.1" } }, ""],

    "string-width-cjs": ["string-width@4.2.3", "", { "dependencies": { "emoji-regex": "^8.0.0", "is-fullwidth-code-point": "^3.0.0", "strip-ansi": "^6.0.1" } }, ""],

    "strip-ansi": ["strip-ansi@7.1.2", "", { "dependencies": { "ansi-regex": "^6.0.1" } }, ""],

    "strip-ansi-cjs": ["strip-ansi@6.0.1", "", { "dependencies": { "ansi-regex": "^5.0.1" } }, ""],

    "swiper": ["swiper@11.2.10", "", {}, ""],

    "tailwindcss": ["tailwindcss@4.1.13", "", {}, "sha512-i+zidfmTqtwquj4hMEwdjshYYgMbOrPzb9a0M3ZgNa0JMoZeFC6bxZvO8yr8ozS6ix2SDz0+mvryPeBs2TFE+w=="],

    "tinyexec": ["tinyexec@1.0.1", "", {}, ""],

    "to-regex-range": ["to-regex-range@5.0.1", "", { "dependencies": { "is-number": "^7.0.0" } }, ""],

    "ufo": ["ufo@1.6.1", "", {}, ""],

    "undici-types": ["undici-types@7.12.0", "", {}, ""],

    "util": ["util@0.10.4", "", { "dependencies": { "inherits": "2.0.3" } }, ""],

    "util-deprecate": ["util-deprecate@1.0.2", "", {}, ""],

    "vanilla-calendar-pro": ["vanilla-calendar-pro@3.0.5", "", {}, ""],

    "vite": ["vite@5.4.20", "", { "dependencies": { "esbuild": "^0.21.3", "postcss": "^8.4.43", "rollup": "^4.20.0" }, "peerDependencies": { "@types/node": "^18.0.0 || >=20.0.0", "less": "*", "lightningcss": "^1.21.0", "sass": "*", "sass-embedded": "*", "stylus": "*", "sugarss": "*", "terser": "^5.4.0" }, "optionalPeers": ["less", "sass-embedded", "stylus", "sugarss", "terser"], "bin": "bin/vite.js" }, ""],

    "vite-plugin-ruby": ["vite-plugin-ruby@5.1.1", "", { "dependencies": { "debug": "^4.3.4", "fast-glob": "^3.3.2" }, "peerDependencies": { "vite": ">=5.0.0" } }, ""],

    "which": ["which@2.0.2", "", { "dependencies": { "isexe": "^2.0.0" }, "bin": { "node-which": "bin/node-which" } }, ""],

    "wrap-ansi": ["wrap-ansi@8.1.0", "", { "dependencies": { "ansi-styles": "^6.1.0", "string-width": "^5.0.1", "strip-ansi": "^7.0.1" } }, ""],

    "wrap-ansi-cjs": ["wrap-ansi@7.0.0", "", { "dependencies": { "ansi-styles": "^4.0.0", "string-width": "^4.1.0", "strip-ansi": "^6.0.0" } }, ""],

    "mlly/pathe": ["pathe@2.0.3", "", {}, ""],

    "mlly/pkg-types": ["pkg-types@1.3.1", "", { "dependencies": { "confbox": "^0.1.8", "mlly": "^1.7.4", "pathe": "^2.0.1" } }, ""],

    "pkg-types/pathe": ["pathe@2.0.3", "", {}, ""],

    "string-width-cjs/emoji-regex": ["emoji-regex@8.0.0", "", {}, ""],

    "string-width-cjs/strip-ansi": ["strip-ansi@6.0.1", "", { "dependencies": { "ansi-regex": "^5.0.1" } }, ""],

    "strip-ansi-cjs/ansi-regex": ["ansi-regex@5.0.1", "", {}, ""],

    "wrap-ansi-cjs/ansi-styles": ["ansi-styles@4.3.0", "", { "dependencies": { "color-convert": "^2.0.1" } }, ""],

    "wrap-ansi-cjs/string-width": ["string-width@4.2.3", "", { "dependencies": { "emoji-regex": "^8.0.0", "is-fullwidth-code-point": "^3.0.0", "strip-ansi": "^6.0.1" } }, ""],

    "wrap-ansi-cjs/strip-ansi": ["strip-ansi@6.0.1", "", { "dependencies": { "ansi-regex": "^5.0.1" } }, ""],

    "mlly/pkg-types/confbox": ["confbox@0.1.8", "", {}, ""],

    "string-width-cjs/strip-ansi/ansi-regex": ["ansi-regex@5.0.1", "", {}, ""],

    "wrap-ansi-cjs/string-width/emoji-regex": ["emoji-regex@8.0.0", "", {}, ""],

    "wrap-ansi-cjs/strip-ansi/ansi-regex": ["ansi-regex@5.0.1", "", {}, ""],
  }
}
