{
  "lockfileVersion": 1,
  "workspaces": {
    "": {
      "name": "tailwick",
      "dependencies": {
        "@fullcalendar/core": "^6.1.17",
        "@fullcalendar/daygrid": "^6.1.17",
        "@fullcalendar/list": "^6.1.17",
        "@fullcalendar/timegrid": "^6.1.17",
        "@iconify/json": "^2.2.384",
        "@iconify/tailwind4": "^1.0.6",
        "@tailwindcss/forms": "^0.5.10",
        "@tailwindcss/typography": "^0.5.16",
        "apexcharts": "^4.6.0",
        "dropzone": "^6.0.0-beta.2",
        "flatpickr": "^4.6.13",
        "fullcalendar": "^6.1.17",
        "lucide": "^0.544.0",
        "preline": "^3.2.3",
        "simplebar": "^6.3.0",
        "swiper": "^11.0.3",
      },
      "devDependencies": {
        "@tailwindcss/vite": "^4.0.3",
        "@types/node": "^22.15.17",
        "tailwindcss": "^4.1.13",
        "vite": "^6.3.5",
      },
    },
  },
  "packages": {
    "@antfu/install-pkg": ["@antfu/install-pkg@1.1.0", "", { "dependencies": { "package-manager-detector": "^1.3.0", "tinyexec": "^1.0.1" } }, ""],

    "@antfu/utils": ["@antfu/utils@8.1.1", "", {}, ""],

    "@esbuild/linux-x64": ["@esbuild/linux-x64@0.25.10", "", { "os": "linux", "cpu": "x64" }, ""],

    "@floating-ui/core": ["@floating-ui/core@1.7.3", "", { "dependencies": { "@floating-ui/utils": "^0.2.10" } }, ""],

    "@floating-ui/dom": ["@floating-ui/dom@1.7.4", "", { "dependencies": { "@floating-ui/core": "^1.7.3", "@floating-ui/utils": "^0.2.10" } }, ""],

    "@floating-ui/utils": ["@floating-ui/utils@0.2.10", "", {}, ""],

    "@fullcalendar/core": ["@fullcalendar/core@6.1.19", "", { "dependencies": { "preact": "~10.12.1" } }, ""],

    "@fullcalendar/daygrid": ["@fullcalendar/daygrid@6.1.19", "", { "peerDependencies": { "@fullcalendar/core": "~6.1.19" } }, ""],

    "@fullcalendar/interaction": ["@fullcalendar/interaction@6.1.19", "", { "peerDependencies": { "@fullcalendar/core": "~6.1.19" } }, ""],

    "@fullcalendar/list": ["@fullcalendar/list@6.1.19", "", { "peerDependencies": { "@fullcalendar/core": "~6.1.19" } }, ""],

    "@fullcalendar/multimonth": ["@fullcalendar/multimonth@6.1.19", "", { "dependencies": { "@fullcalendar/daygrid": "~6.1.19" }, "peerDependencies": { "@fullcalendar/core": "~6.1.19" } }, ""],

    "@fullcalendar/timegrid": ["@fullcalendar/timegrid@6.1.19", "", { "dependencies": { "@fullcalendar/daygrid": "~6.1.19" }, "peerDependencies": { "@fullcalendar/core": "~6.1.19" } }, ""],

    "@iconify/json": ["@iconify/json@2.2.387", "", { "dependencies": { "@iconify/types": "*", "pathe": "^1.1.2" } }, ""],

    "@iconify/tailwind4": ["@iconify/tailwind4@1.0.6", "", { "dependencies": { "@iconify/types": "^2.0.0", "@iconify/utils": "^2.2.1" }, "peerDependencies": { "tailwindcss": ">= 4" } }, ""],

    "@iconify/types": ["@iconify/types@2.0.0", "", {}, ""],

    "@iconify/utils": ["@iconify/utils@2.3.0", "", { "dependencies": { "@antfu/install-pkg": "^1.0.0", "@antfu/utils": "^8.1.0", "@iconify/types": "^2.0.0", "debug": "^4.4.0", "globals": "^15.14.0", "kolorist": "^1.8.0", "local-pkg": "^1.0.0", "mlly": "^1.7.4" } }, ""],

    "@isaacs/fs-minipass": ["@isaacs/fs-minipass@4.0.1", "", { "dependencies": { "minipass": "^7.0.4" } }, ""],

    "@jridgewell/gen-mapping": ["@jridgewell/gen-mapping@0.3.13", "", { "dependencies": { "@jridgewell/sourcemap-codec": "^1.5.0", "@jridgewell/trace-mapping": "^0.3.24" } }, ""],

    "@jridgewell/remapping": ["@jridgewell/remapping@2.3.5", "", { "dependencies": { "@jridgewell/gen-mapping": "^0.3.5", "@jridgewell/trace-mapping": "^0.3.24" } }, ""],

    "@jridgewell/resolve-uri": ["@jridgewell/resolve-uri@3.1.2", "", {}, ""],

    "@jridgewell/sourcemap-codec": ["@jridgewell/sourcemap-codec@1.5.5", "", {}, ""],

    "@jridgewell/trace-mapping": ["@jridgewell/trace-mapping@0.3.31", "", { "dependencies": { "@jridgewell/resolve-uri": "^3.1.0", "@jridgewell/sourcemap-codec": "^1.4.14" } }, ""],

    "@rollup/rollup-linux-x64-gnu": ["@rollup/rollup-linux-x64-gnu@4.52.2", "", { "os": "linux", "cpu": "x64" }, ""],

    "@rollup/rollup-linux-x64-musl": ["@rollup/rollup-linux-x64-musl@4.52.2", "", { "os": "linux", "cpu": "x64" }, ""],

    "@svgdotjs/svg.draggable.js": ["@svgdotjs/svg.draggable.js@3.0.6", "", { "peerDependencies": { "@svgdotjs/svg.js": "^3.2.4" } }, ""],

    "@svgdotjs/svg.filter.js": ["@svgdotjs/svg.filter.js@3.0.9", "", { "dependencies": { "@svgdotjs/svg.js": "^3.2.4" } }, ""],

    "@svgdotjs/svg.js": ["@svgdotjs/svg.js@3.2.5", "", {}, ""],

    "@svgdotjs/svg.resize.js": ["@svgdotjs/svg.resize.js@2.0.5", "", { "peerDependencies": { "@svgdotjs/svg.js": "^3.2.4", "@svgdotjs/svg.select.js": "^4.0.1" } }, ""],

    "@svgdotjs/svg.select.js": ["@svgdotjs/svg.select.js@4.0.3", "", { "peerDependencies": { "@svgdotjs/svg.js": "^3.2.4" } }, ""],

    "@swc/helpers": ["@swc/helpers@0.2.14", "", {}, ""],

    "@tailwindcss/forms": ["@tailwindcss/forms@0.5.10", "", { "dependencies": { "mini-svg-data-uri": "^1.2.3" }, "peerDependencies": { "tailwindcss": ">=3.0.0 || >= 3.0.0-alpha.1 || >= 4.0.0-alpha.20 || >= 4.0.0-beta.1" } }, ""],

    "@tailwindcss/node": ["@tailwindcss/node@4.1.13", "", { "dependencies": { "@jridgewell/remapping": "^2.3.4", "enhanced-resolve": "^5.18.3", "jiti": "^2.5.1", "lightningcss": "1.30.1", "magic-string": "^0.30.18", "source-map-js": "^1.2.1", "tailwindcss": "4.1.13" } }, ""],

    "@tailwindcss/oxide": ["@tailwindcss/oxide@4.1.13", "", { "dependencies": { "detect-libc": "^2.0.4", "tar": "^7.4.3" }, "optionalDependencies": { "@tailwindcss/oxide-linux-x64-gnu": "4.1.13", "@tailwindcss/oxide-linux-x64-musl": "4.1.13" } }, ""],

    "@tailwindcss/oxide-linux-x64-gnu": ["@tailwindcss/oxide-linux-x64-gnu@4.1.13", "", { "os": "linux", "cpu": "x64" }, ""],

    "@tailwindcss/oxide-linux-x64-musl": ["@tailwindcss/oxide-linux-x64-musl@4.1.13", "", { "os": "linux", "cpu": "x64" }, ""],

    "@tailwindcss/typography": ["@tailwindcss/typography@0.5.18", "", { "dependencies": { "postcss-selector-parser": "6.0.10" }, "peerDependencies": { "tailwindcss": ">=3.0.0 || insiders || >=4.0.0-alpha.20 || >=4.0.0-beta.1" } }, ""],

    "@tailwindcss/vite": ["@tailwindcss/vite@4.1.13", "", { "dependencies": { "@tailwindcss/node": "4.1.13", "@tailwindcss/oxide": "4.1.13", "tailwindcss": "4.1.13" }, "peerDependencies": { "vite": "^5.2.0 || ^6 || ^7" } }, ""],

    "@types/estree": ["@types/estree@1.0.8", "", {}, ""],

    "@types/node": ["@types/node@22.18.6", "", { "dependencies": { "undici-types": "~6.21.0" } }, ""],

    "@yr/monotone-cubic-spline": ["@yr/monotone-cubic-spline@1.0.3", "", {}, ""],

    "acorn": ["acorn@8.15.0", "", { "bin": "bin/acorn" }, ""],

    "apexcharts": ["apexcharts@4.7.0", "", { "dependencies": { "@svgdotjs/svg.draggable.js": "^3.0.4", "@svgdotjs/svg.filter.js": "^3.0.8", "@svgdotjs/svg.js": "^3.2.4", "@svgdotjs/svg.resize.js": "^2.0.2", "@svgdotjs/svg.select.js": "^4.0.1", "@yr/monotone-cubic-spline": "^1.0.3" } }, ""],

    "chownr": ["chownr@3.0.0", "", {}, ""],

    "confbox": ["confbox@0.2.2", "", {}, ""],

    "cssesc": ["cssesc@3.0.0", "", { "bin": "bin/cssesc" }, ""],

    "datatables.net": ["datatables.net@2.3.4", "", { "dependencies": { "jquery": ">=1.7" } }, ""],

    "datatables.net-dt": ["datatables.net-dt@2.3.4", "", { "dependencies": { "datatables.net": "2.3.4", "jquery": ">=1.7" } }, ""],

    "debug": ["debug@4.4.3", "", { "dependencies": { "ms": "^2.1.3" } }, ""],

    "detect-libc": ["detect-libc@2.1.0", "", {}, ""],

    "dropzone": ["dropzone@6.0.0-beta.2", "", { "dependencies": { "@swc/helpers": "^0.2.13", "just-extend": "^5.0.0" } }, ""],

    "enhanced-resolve": ["enhanced-resolve@5.18.3", "", { "dependencies": { "graceful-fs": "^4.2.4", "tapable": "^2.2.0" } }, ""],

    "esbuild": ["esbuild@0.25.10", "", { "optionalDependencies": { "@esbuild/linux-x64": "0.25.10" }, "bin": "bin/esbuild" }, ""],

    "exsolve": ["exsolve@1.0.7", "", {}, ""],

    "fdir": ["fdir@6.5.0", "", { "peerDependencies": { "picomatch": "^3 || ^4" } }, ""],

    "flatpickr": ["flatpickr@4.6.13", "", {}, ""],

    "fullcalendar": ["fullcalendar@6.1.19", "", { "dependencies": { "@fullcalendar/core": "~6.1.19", "@fullcalendar/daygrid": "~6.1.19", "@fullcalendar/interaction": "~6.1.19", "@fullcalendar/list": "~6.1.19", "@fullcalendar/multimonth": "~6.1.19", "@fullcalendar/timegrid": "~6.1.19" } }, ""],

    "globals": ["globals@15.15.0", "", {}, ""],

    "graceful-fs": ["graceful-fs@4.2.11", "", {}, ""],

    "jiti": ["jiti@2.6.0", "", { "bin": "lib/jiti-cli.mjs" }, ""],

    "jquery": ["jquery@3.7.1", "", {}, ""],

    "just-extend": ["just-extend@5.1.1", "", {}, ""],

    "kolorist": ["kolorist@1.8.0", "", {}, ""],

    "lightningcss": ["lightningcss@1.30.1", "", { "dependencies": { "detect-libc": "^2.0.3" }, "optionalDependencies": { "lightningcss-linux-x64-gnu": "1.30.1", "lightningcss-linux-x64-musl": "1.30.1" } }, ""],

    "lightningcss-linux-x64-gnu": ["lightningcss-linux-x64-gnu@1.30.1", "", { "os": "linux", "cpu": "x64" }, ""],

    "lightningcss-linux-x64-musl": ["lightningcss-linux-x64-musl@1.30.1", "", { "os": "linux", "cpu": "x64" }, ""],

    "local-pkg": ["local-pkg@1.1.2", "", { "dependencies": { "mlly": "^1.7.4", "pkg-types": "^2.3.0", "quansync": "^0.2.11" } }, ""],

    "lodash": ["lodash@4.17.21", "", {}, ""],

    "lodash-es": ["lodash-es@4.17.21", "", {}, ""],

    "lucide": ["lucide@0.544.0", "", {}, ""],

    "magic-string": ["magic-string@0.30.19", "", { "dependencies": { "@jridgewell/sourcemap-codec": "^1.5.5" } }, ""],

    "mini-svg-data-uri": ["mini-svg-data-uri@1.4.4", "", { "bin": "cli.js" }, ""],

    "minipass": ["minipass@7.1.2", "", {}, ""],

    "minizlib": ["minizlib@3.1.0", "", { "dependencies": { "minipass": "^7.1.2" } }, ""],

    "mlly": ["mlly@1.8.0", "", { "dependencies": { "acorn": "^8.15.0", "pathe": "^2.0.3", "pkg-types": "^1.3.1", "ufo": "^1.6.1" } }, ""],

    "ms": ["ms@2.1.3", "", {}, ""],

    "nanoid": ["nanoid@3.3.11", "", { "bin": "bin/nanoid.cjs" }, ""],

    "nouislider": ["nouislider@15.8.1", "", {}, ""],

    "package-manager-detector": ["package-manager-detector@1.3.0", "", {}, ""],

    "pathe": ["pathe@1.1.2", "", {}, ""],

    "picocolors": ["picocolors@1.1.1", "", {}, ""],

    "picomatch": ["picomatch@4.0.3", "", {}, ""],

    "pkg-types": ["pkg-types@2.3.0", "", { "dependencies": { "confbox": "^0.2.2", "exsolve": "^1.0.7", "pathe": "^2.0.3" } }, ""],

    "postcss": ["postcss@8.5.6", "", { "dependencies": { "nanoid": "^3.3.11", "picocolors": "^1.1.1", "source-map-js": "^1.2.1" } }, ""],

    "postcss-selector-parser": ["postcss-selector-parser@6.0.10", "", { "dependencies": { "cssesc": "^3.0.0", "util-deprecate": "^1.0.2" } }, ""],

    "preact": ["preact@10.12.1", "", {}, ""],

    "preline": ["preline@3.2.3", "", { "dependencies": { "@floating-ui/dom": "^1.6.13", "apexcharts": "^4.5.0", "datatables.net-dt": "^2.2.2", "dropzone": "^6.0.0-beta.2", "nouislider": "^15.8.1", "vanilla-calendar-pro": "^3.0.4" } }, ""],

    "quansync": ["quansync@0.2.11", "", {}, ""],

    "rollup": ["rollup@4.52.2", "", { "dependencies": { "@types/estree": "1.0.8" }, "optionalDependencies": { "@rollup/rollup-linux-x64-gnu": "4.52.2", "@rollup/rollup-linux-x64-musl": "4.52.2" }, "bin": "dist/bin/rollup" }, ""],

    "simplebar": ["simplebar@6.3.2", "", { "dependencies": { "simplebar-core": "^1.3.2" } }, ""],

    "simplebar-core": ["simplebar-core@1.3.2", "", { "dependencies": { "lodash": "^4.17.21", "lodash-es": "^4.17.21" } }, ""],

    "source-map-js": ["source-map-js@1.2.1", "", {}, ""],

    "swiper": ["swiper@11.2.10", "", {}, ""],

    "tailwindcss": ["tailwindcss@4.1.13", "", {}, ""],

    "tapable": ["tapable@2.2.3", "", {}, ""],

    "tar": ["tar@7.4.4", "", { "dependencies": { "@isaacs/fs-minipass": "^4.0.0", "chownr": "^3.0.0", "minipass": "^7.1.2", "minizlib": "^3.1.0", "yallist": "^5.0.0" } }, ""],

    "tinyexec": ["tinyexec@1.0.1", "", {}, ""],

    "tinyglobby": ["tinyglobby@0.2.15", "", { "dependencies": { "fdir": "^6.5.0", "picomatch": "^4.0.3" } }, ""],

    "ufo": ["ufo@1.6.1", "", {}, ""],

    "undici-types": ["undici-types@6.21.0", "", {}, ""],

    "util-deprecate": ["util-deprecate@1.0.2", "", {}, ""],

    "vanilla-calendar-pro": ["vanilla-calendar-pro@3.0.5", "", {}, ""],

    "vite": ["vite@6.3.6", "", { "dependencies": { "esbuild": "^0.25.0", "fdir": "^6.4.4", "picomatch": "^4.0.2", "postcss": "^8.5.3", "rollup": "^4.34.9", "tinyglobby": "^0.2.13" }, "peerDependencies": { "@types/node": "^18.0.0 || ^20.0.0 || >=22.0.0", "jiti": ">=1.21.0", "less": "*", "lightningcss": "^1.21.0", "sass": "*", "sass-embedded": "*", "stylus": "*", "sugarss": "*", "terser": "^5.16.0", "tsx": "^4.8.1", "yaml": "^2.4.2" }, "optionalPeers": ["less", "sass", "sass-embedded", "stylus", "sugarss", "terser", "tsx", "yaml"], "bin": "bin/vite.js" }, ""],

    "yallist": ["yallist@5.0.0", "", {}, ""],

    "mlly/pathe": ["pathe@2.0.3", "", {}, ""],

    "mlly/pkg-types": ["pkg-types@1.3.1", "", { "dependencies": { "confbox": "^0.1.8", "mlly": "^1.7.4", "pathe": "^2.0.1" } }, ""],

    "pkg-types/pathe": ["pathe@2.0.3", "", {}, ""],

    "mlly/pkg-types/confbox": ["confbox@0.1.8", "", {}, ""],
  }
}
